// !$*UTF8*$!
{
	archiveVersion = 1;
	classes = {
	};
	objectVersion = 56;
	objects = {

/* Begin PBXBuildFile section */
		7A823A9C291AD302008AE166 /* ToggleSwiftUIApp.swift in Sources */ = {isa = PBXBuildFile; fileRef = 7A823A9B291AD302008AE166 /* ToggleSwiftUIApp.swift */; };
		7A823A9E291AD302008AE166 /* ContentView.swift in Sources */ = {isa = PBXBuildFile; fileRef = 7A823A9D291AD302008AE166 /* ContentView.swift */; };
		7A823AA0291AD306008AE166 /* Assets.xcassets in Resources */ = {isa = PBXBuildFile; fileRef = 7A823A9F291AD306008AE166 /* Assets.xcassets */; };
		7A823AA3291AD306008AE166 /* Preview Assets.xcassets in Resources */ = {isa = PBXBuildFile; fileRef = 7A823AA2291AD306008AE166 /* Preview Assets.xcassets */; };
		7A823AAD291AD306008AE166 /* ToggleSwiftUITests.swift in Sources */ = {isa = PBXBuildFile; fileRef = 7A823AAC291AD306008AE166 /* ToggleSwiftUITests.swift */; };
		7A823AB7291AD307008AE166 /* ToggleSwiftUIUITests.swift in Sources */ = {isa = PBXBuildFile; fileRef = 7A823AB6291AD307008AE166 /* ToggleSwiftUIUITests.swift */; };
		7A823AB9291AD307008AE166 /* ToggleSwiftUIUITestsLaunchTests.swift in Sources */ = {isa = PBXBuildFile; fileRef = 7A823AB8291AD307008AE166 /* ToggleSwiftUIUITestsLaunchTests.swift */; };
/* End PBXBuildFile section */

/* Begin PBXContainerItemProxy section */
		7A823AA9291AD306008AE166 /* PBXContainerItemProxy */ = {
			isa = PBXContainerItemProxy;
			containerPortal = 7A823A90291AD302008AE166 /* Project object */;
			proxyType = 1;
			remoteGlobalIDString = 7A823A97291AD302008AE166;
			remoteInfo = ToggleSwiftUI;
		};
		7A823AB3291AD307008AE166 /* PBXContainerItemProxy */ = {
			isa = PBXContainerItemProxy;
			containerPortal = 7A823A90291AD302008AE166 /* Project object */;
			proxyType = 1;
			remoteGlobalIDString = 7A823A97291AD302008AE166;
			remoteInfo = ToggleSwiftUI;
		};
/* End PBXContainerItemProxy section */

/* Begin PBXFileReference section */
		7A823A98291AD302008AE166 /* ToggleSwiftUI.app */ = {isa = PBXFileReference; explicitFileType = wrapper.application; includeInIndex = 0; path = ToggleSwiftUI.app; sourceTree = BUILT_PRODUCTS_DIR; };
		7A823A9B291AD302008AE166 /* ToggleSwiftUIApp.swift */ = {isa = PBXFileReference; lastKnownFileType = sourcecode.swift; path = ToggleSwiftUIApp.swift; sourceTree = "<group>"; };
		7A823A9D291AD302008AE166 /* ContentView.swift */ = {isa = PBXFileReference; lastKnownFileType = sourcecode.swift; path = ContentView.swift; sourceTree = "<group>"; };
		7A823A9F291AD306008AE166 /* Assets.xcassets */ = {isa = PBXFileReference; lastKnownFileType = folder.assetcatalog; path = Assets.xcassets; sourceTree = "<group>"; };
		7A823AA2291AD306008AE166 /* Preview Assets.xcassets */ = {isa = PBXFileReference; lastKnownFileType = folder.assetcatalog; path = "Preview Assets.xcassets"; sourceTree = "<group>"; };
		7A823AA8291AD306008AE166 /* ToggleSwiftUITests.xctest */ = {isa = PBXFileReference; explicitFileType = wrapper.cfbundle; includeInIndex = 0; path = ToggleSwiftUITests.xctest; sourceTree = BUILT_PRODUCTS_DIR; };
		7A823AAC291AD306008AE166 /* ToggleSwiftUITests.swift */ = {isa = PBXFileReference; lastKnownFileType = sourcecode.swift; path = ToggleSwiftUITests.swift; sourceTree = "<group>"; };
		7A823AB2291AD307008AE166 /* ToggleSwiftUIUITests.xctest */ = {isa = PBXFileReference; explicitFileType = wrapper.cfbundle; includeInIndex = 0; path = ToggleSwiftUIUITests.xctest; sourceTree = BUILT_PRODUCTS_DIR; };
		7A823AB6291AD307008AE166 /* ToggleSwiftUIUITests.swift */ = {isa = PBXFileReference; lastKnownFileType = sourcecode.swift; path = ToggleSwiftUIUITests.swift; sourceTree = "<group>"; };
		7A823AB8291AD307008AE166 /* ToggleSwiftUIUITestsLaunchTests.swift */ = {isa = PBXFileReference; lastKnownFileType = sourcecode.swift; path = ToggleSwiftUIUITestsLaunchTests.swift; sourceTree = "<group>"; };
/* End PBXFileReference section */

/* Begin PBXFrameworksBuildPhase section */
		7A823A95291AD302008AE166 /* Frameworks */ = {
			isa = PBXFrameworksBuildPhase;
			buildActionMask = 2147483647;
			files = (
			);
			runOnlyForDeploymentPostprocessing = 0;
		};
		7A823AA5291AD306008AE166 /* Frameworks */ = {
			isa = PBXFrameworksBuildPhase;
			buildActionMask = 2147483647;
			files = (
			);
			runOnlyForDeploymentPostprocessing = 0;
		};
		7A823AAF291AD307008AE166 /* Frameworks */ = {
			isa = PBXFrameworksBuildPhase;
			buildActionMask = 2147483647;
			files = (
			);
			runOnlyForDeploymentPostprocessing = 0;
		};
/* End PBXFrameworksBuildPhase section */

/* Begin PBXGroup section */
		7A823A8F291AD302008AE166 = {
			isa = PBXGroup;
			children = (
				7A823A9A291AD302008AE166 /* ToggleSwiftUI */,
				7A823AAB291AD306008AE166 /* ToggleSwiftUITests */,
				7A823AB5291AD307008AE166 /* ToggleSwiftUIUITests */,
				7A823A99291AD302008AE166 /* Products */,
			);
			sourceTree = "<group>";
		};
		7A823A99291AD302008AE166 /* Products */ = {
			isa = PBXGroup;
			children = (
				7A823A98291AD302008AE166 /* ToggleSwiftUI.app */,
				7A823AA8291AD306008AE166 /* ToggleSwiftUITests.xctest */,
				7A823AB2291AD307008AE166 /* ToggleSwiftUIUITests.xctest */,
			);
			name = Products;
			sourceTree = "<group>";
		};
		7A823A9A291AD302008AE166 /* ToggleSwiftUI */ = {
			isa = PBXGroup;
			children = (
				7A823A9B291AD302008AE166 /* ToggleSwiftUIApp.swift */,
				7A823A9D291AD302008AE166 /* ContentView.swift */,
				7A823A9F291AD306008AE166 /* Assets.xcassets */,
				7A823AA1291AD306008AE166 /* Preview Content */,
			);
			path = ToggleSwiftUI;
			sourceTree = "<group>";
		};
		7A823AA1291AD306008AE166 /* Preview Content */ = {
			isa = PBXGroup;
			children = (
				7A823AA2291AD306008AE166 /* Preview Assets.xcassets */,
			);
			path = "Preview Content";
			sourceTree = "<group>";
		};
		7A823AAB291AD306008AE166 /* ToggleSwiftUITests */ = {
			isa = PBXGroup;
			children = (
				7A823AAC291AD306008AE166 /* ToggleSwiftUITests.swift */,
			);
			path = ToggleSwiftUITests;
			sourceTree = "<group>";
		};
		7A823AB5291AD307008AE166 /* ToggleSwiftUIUITests */ = {
			isa = PBXGroup;
			children = (
				7A823AB6291AD307008AE166 /* ToggleSwiftUIUITests.swift */,
				7A823AB8291AD307008AE166 /* ToggleSwiftUIUITestsLaunchTests.swift */,
			);
			path = ToggleSwiftUIUITests;
			sourceTree = "<group>";
		};
/* End PBXGroup section */

/* Begin PBXNativeTarget section */
		7A823A97291AD302008AE166 /* ToggleSwiftUI */ = {
			isa = PBXNativeTarget;
			buildConfigurationList = 7A823ABC291AD307008AE166 /* Build configuration list for PBXNativeTarget "ToggleSwiftUI" */;
			buildPhases = (
				7A823A94291AD302008AE166 /* Sources */,
				7A823A95291AD302008AE166 /* Frameworks */,
				7A823A96291AD302008AE166 /* Resources */,
			);
			buildRules = (
			);
			dependencies = (
			);
			name = ToggleSwiftUI;
			productName = ToggleSwiftUI;
			productReference = 7A823A98291AD302008AE166 /* ToggleSwiftUI.app */;
			productType = "com.apple.product-type.application";
		};
		7A823AA7291AD306008AE166 /* ToggleSwiftUITests */ = {
			isa = PBXNativeTarget;
			buildConfigurationList = 7A823ABF291AD307008AE166 /* Build configuration list for PBXNativeTarget "ToggleSwiftUITests" */;
			buildPhases = (
				7A823AA4291AD306008AE166 /* Sources */,
				7A823AA5291AD306008AE166 /* Frameworks */,
				7A823AA6291AD306008AE166 /* Resources */,
			);
			buildRules = (
			);
			dependencies = (
				7A823AAA291AD306008AE166 /* PBXTargetDependency */,
			);
			name = ToggleSwiftUITests;
			productName = ToggleSwiftUITests;
			productReference = 7A823AA8291AD306008AE166 /* ToggleSwiftUITests.xctest */;
			productType = "com.apple.product-type.bundle.unit-test";
		};
		7A823AB1291AD307008AE166 /* ToggleSwiftUIUITests */ = {
			isa = PBXNativeTarget;
			buildConfigurationList = 7A823AC2291AD307008AE166 /* Build configuration list for PBXNativeTarget "ToggleSwiftUIUITests" */;
			buildPhases = (
				7A823AAE291AD307008AE166 /* Sources */,
				7A823AAF291AD307008AE166 /* Frameworks */,
				7A823AB0291AD307008AE166 /* Resources */,
			);
			buildRules = (
			);
			dependencies = (
				7A823AB4291AD307008AE166 /* PBXTargetDependency */,
			);
			name = ToggleSwiftUIUITests;
			productName = ToggleSwiftUIUITests;
			productReference = 7A823AB2291AD307008AE166 /* ToggleSwiftUIUITests.xctest */;
			productType = "com.apple.product-type.bundle.ui-testing";
		};
/* End PBXNativeTarget section */

/* Begin PBXProject section */
		7A823A90291AD302008AE166 /* Project object */ = {
			isa = PBXProject;
			attributes = {
				BuildIndependentTargetsInParallel = 1;
				LastSwiftUpdateCheck = 1400;
				LastUpgradeCheck = 1400;
				TargetAttributes = {
					7A823A97291AD302008AE166 = {
						CreatedOnToolsVersion = 14.0;
					};
					7A823AA7291AD306008AE166 = {
						CreatedOnToolsVersion = 14.0;
						TestTargetID = 7A823A97291AD302008AE166;
					};
					7A823AB1291AD307008AE166 = {
						CreatedOnToolsVersion = 14.0;
						TestTargetID = 7A823A97291AD302008AE166;
					};
				};
			};
			buildConfigurationList = 7A823A93291AD302008AE166 /* Build configuration list for PBXProject "ToggleSwiftUI" */;
			compatibilityVersion = "Xcode 14.0";
			developmentRegion = en;
			hasScannedForEncodings = 0;
			knownRegions = (
				en,
				Base,
			);
			mainGroup = 7A823A8F291AD302008AE166;
			productRefGroup = 7A823A99291AD302008AE166 /* Products */;
			projectDirPath = "";
			projectRoot = "";
			targets = (
				7A823A97291AD302008AE166 /* ToggleSwiftUI */,
				7A823AA7291AD306008AE166 /* ToggleSwiftUITests */,
				7A823AB1291AD307008AE166 /* ToggleSwiftUIUITests */,
			);
		};
/* End PBXProject section */

/* Begin PBXResourcesBuildPhase section */
		7A823A96291AD302008AE166 /* Resources */ = {
			isa = PBXResourcesBuildPhase;
			buildActionMask = 2147483647;
			files = (
				7A823AA3291AD306008AE166 /* Preview Assets.xcassets in Resources */,
				7A823AA0291AD306008AE166 /* Assets.xcassets in Resources */,
			);
			runOnlyForDeploymentPostprocessing = 0;
		};
		7A823AA6291AD306008AE166 /* Resources */ = {
			isa = PBXResourcesBuildPhase;
			buildActionMask = 2147483647;
			files = (
			);
			runOnlyForDeploymentPostprocessing = 0;
		};
		7A823AB0291AD307008AE166 /* Resources */ = {
			isa = PBXResourcesBuildPhase;
			buildActionMask = 2147483647;
			files = (
			);
			runOnlyForDeploymentPostprocessing = 0;
		};
/* End PBXResourcesBuildPhase section */

/* Begin PBXSourcesBuildPhase section */
		7A823A94291AD302008AE166 /* Sources */ = {
			isa = PBXSourcesBuildPhase;
			buildActionMask = 2147483647;
			files = (
				7A823A9E291AD302008AE166 /* ContentView.swift in Sources */,
				7A823A9C291AD302008AE166 /* ToggleSwiftUIApp.swift in Sources */,
			);
			runOnlyForDeploymentPostprocessing = 0;
		};
		7A823AA4291AD306008AE166 /* Sources */ = {
			isa = PBXSourcesBuildPhase;
			buildActionMask = 2147483647;
			files = (
				7A823AAD291AD306008AE166 /* ToggleSwiftUITests.swift in Sources */,
			);
			runOnlyForDeploymentPostprocessing = 0;
		};
		7A823AAE291AD307008AE166 /* Sources */ = {
			isa = PBXSourcesBuildPhase;
			buildActionMask = 2147483647;
			files = (
				7A823AB9291AD307008AE166 /* ToggleSwiftUIUITestsLaunchTests.swift in Sources */,
				7A823AB7291AD307008AE166 /* ToggleSwiftUIUITests.swift in Sources */,
			);
			runOnlyForDeploymentPostprocessing = 0;
		};
/* End PBXSourcesBuildPhase section */

/* Begin PBXTargetDependency section */
		7A823AAA291AD306008AE166 /* PBXTargetDependency */ = {
			isa = PBXTargetDependency;
			target = 7A823A97291AD302008AE166 /* ToggleSwiftUI */;
			targetProxy = 7A823AA9291AD306008AE166 /* PBXContainerItemProxy */;
		};
		7A823AB4291AD307008AE166 /* PBXTargetDependency */ = {
			isa = PBXTargetDependency;
			target = 7A823A97291AD302008AE166 /* ToggleSwiftUI */;
			targetProxy = 7A823AB3291AD307008AE166 /* PBXContainerItemProxy */;
		};
/* End PBXTargetDependency section */

/* Begin XCBuildConfiguration section */
		7A823ABA291AD307008AE166 /* Debug */ = {
			isa = XCBuildConfiguration;
			buildSettings = {
				ALWAYS_SEARCH_USER_PATHS = NO;
				CLANG_ANALYZER_NONNULL = YES;
				CLANG_ANALYZER_NUMBER_OBJECT_CONVERSION = YES_AGGRESSIVE;
				CLANG_CXX_LANGUAGE_STANDARD = "gnu++20";
				CLANG_ENABLE_MODULES = YES;
				CLANG_ENABLE_OBJC_ARC = YES;
				CLANG_ENABLE_OBJC_WEAK = YES;
				CLANG_WARN_BLOCK_CAPTURE_AUTORELEASING = YES;
				CLANG_WARN_BOOL_CONVERSION = YES;
				CLANG_WARN_COMMA = YES;
				CLANG_WARN_CONSTANT_CONVERSION = YES;
				CLANG_WARN_DEPRECATED_OBJC_IMPLEMENTATIONS = YES;
				CLANG_WARN_DIRECT_OBJC_ISA_USAGE = YES_ERROR;
				CLANG_WARN_DOCUMENTATION_COMMENTS = YES;
				CLANG_WARN_EMPTY_BODY = YES;
				CLANG_WARN_ENUM_CONVERSION = YES;
				CLANG_WARN_INFINITE_RECURSION = YES;
				CLANG_WARN_INT_CONVERSION = YES;
				CLANG_WARN_NON_LITERAL_NULL_CONVERSION = YES;
				CLANG_WARN_OBJC_IMPLICIT_RETAIN_SELF = YES;
				CLANG_WARN_OBJC_LITERAL_CONVERSION = YES;
				CLANG_WARN_OBJC_ROOT_CLASS = YES_ERROR;
				CLANG_WARN_QUOTED_INCLUDE_IN_FRAMEWORK_HEADER = YES;
				CLANG_WARN_RANGE_LOOP_ANALYSIS = YES;
				CLANG_WARN_STRICT_PROTOTYPES = YES;
				CLANG_WARN_SUSPICIOUS_MOVE = YES;
				CLANG_WARN_UNGUARDED_AVAILABILITY = YES_AGGRESSIVE;
				CLANG_WARN_UNREACHABLE_CODE = YES;
				CLANG_WARN__DUPLICATE_METHOD_MATCH = YES;
				COPY_PHASE_STRIP = NO;
				DEBUG_INFORMATION_FORMAT = dwarf;
				ENABLE_STRICT_OBJC_MSGSEND = YES;
				ENABLE_TESTABILITY = YES;
				GCC_C_LANGUAGE_STANDARD = gnu11;
				GCC_DYNAMIC_NO_PIC = NO;
				GCC_NO_COMMON_BLOCKS = YES;
				GCC_OPTIMIZATION_LEVEL = 0;
				GCC_PREPROCESSOR_DEFINITIONS = (
					"DEBUG=1",
					"$(inherited)",
				);
				GCC_WARN_64_TO_32_BIT_CONVERSION = YES;
				GCC_WARN_ABOUT_RETURN_TYPE = YES_ERROR;
				GCC_WARN_UNDECLARED_SELECTOR = YES;
				GCC_WARN_UNINITIALIZED_AUTOS = YES_AGGRESSIVE;
				GCC_WARN_UNUSED_FUNCTION = YES;
				GCC_WARN_UNUSED_VARIABLE = YES;
				IPHONEOS_DEPLOYMENT_TARGET = 16.0;
				MTL_ENABLE_DEBUG_INFO = INCLUDE_SOURCE;
				MTL_FAST_MATH = YES;
				ONLY_ACTIVE_ARCH = YES;
				SDKROOT = iphoneos;
				SWIFT_ACTIVE_COMPILATION_CONDITIONS = DEBUG;
				SWIFT_OPTIMIZATION_LEVEL = "-Onone";
			};
			name = Debug;
		};
		7A823ABB291AD307008AE166 /* Release */ = {
			isa = XCBuildConfiguration;
			buildSettings = {
				ALWAYS_SEARCH_USER_PATHS = NO;
				CLANG_ANALYZER_NONNULL = YES;
				CLANG_ANALYZER_NUMBER_OBJECT_CONVERSION = YES_AGGRESSIVE;
				CLANG_CXX_LANGUAGE_STANDARD = "gnu++20";
				CLANG_ENABLE_MODULES = YES;
				CLANG_ENABLE_OBJC_ARC = YES;
				CLANG_ENABLE_OBJC_WEAK = YES;
				CLANG_WARN_BLOCK_CAPTURE_AUTORELEASING = YES;
				CLANG_WARN_BOOL_CONVERSION = YES;
				CLANG_WARN_COMMA = YES;
				CLANG_WARN_CONSTANT_CONVERSION = YES;
				CLANG_WARN_DEPRECATED_OBJC_IMPLEMENTATIONS = YES;
				CLANG_WARN_DIRECT_OBJC_ISA_USAGE = YES_ERROR;
				CLANG_WARN_DOCUMENTATION_COMMENTS = YES;
				CLANG_WARN_EMPTY_BODY = YES;
				CLANG_WARN_ENUM_CONVERSION = YES;
				CLANG_WARN_INFINITE_RECURSION = YES;
				CLANG_WARN_INT_CONVERSION = YES;
				CLANG_WARN_NON_LITERAL_NULL_CONVERSION = YES;
				CLANG_WARN_OBJC_IMPLICIT_RETAIN_SELF = YES;
				CLANG_WARN_OBJC_LITERAL_CONVERSION = YES;
				CLANG_WARN_OBJC_ROOT_CLASS = YES_ERROR;
				CLANG_WARN_QUOTED_INCLUDE_IN_FRAMEWORK_HEADER = YES;
				CLANG_WARN_RANGE_LOOP_ANALYSIS = YES;
				CLANG_WARN_STRICT_PROTOTYPES = YES;
				CLANG_WARN_SUSPICIOUS_MOVE = YES;
				CLANG_WARN_UNGUARDED_AVAILABILITY = YES_AGGRESSIVE;
				CLANG_WARN_UNREACHABLE_CODE = YES;
				CLANG_WARN__DUPLICATE_METHOD_MATCH = YES;
				COPY_PHASE_STRIP = NO;
				DEBUG_INFORMATION_FORMAT = "dwarf-with-dsym";
				ENABLE_NS_ASSERTIONS = NO;
				ENABLE_STRICT_OBJC_MSGSEND = YES;
				GCC_C_LANGUAGE_STANDARD = gnu11;
				GCC_NO_COMMON_BLOCKS = YES;
				GCC_WARN_64_TO_32_BIT_CONVERSION = YES;
				GCC_WARN_ABOUT_RETURN_TYPE = YES_ERROR;
				GCC_WARN_UNDECLARED_SELECTOR = YES;
				GCC_WARN_UNINITIALIZED_AUTOS = YES_AGGRESSIVE;
				GCC_WARN_UNUSED_FUNCTION = YES;
				GCC_WARN_UNUSED_VARIABLE = YES;
				IPHONEOS_DEPLOYMENT_TARGET = 16.0;
				MTL_ENABLE_DEBUG_INFO = NO;
				MTL_FAST_MATH = YES;
				SDKROOT = iphoneos;
				SWIFT_COMPILATION_MODE = wholemodule;
				SWIFT_OPTIMIZATION_LEVEL = "-O";
				VALIDATE_PRODUCT = YES;
			};
			name = Release;
		};
		7A823ABD291AD307008AE166 /* Debug */ = {
			isa = XCBuildConfiguration;
			buildSettings = {
				ASSETCATALOG_COMPILER_APPICON_NAME = AppIcon;
				ASSETCATALOG_COMPILER_GLOBAL_ACCENT_COLOR_NAME = AccentColor;
				CODE_SIGN_STYLE = Automatic;
				CURRENT_PROJECT_VERSION = 1;
				DEVELOPMENT_ASSET_PATHS = "\"ToggleSwiftUI/Preview Content\"";
				ENABLE_PREVIEWS = YES;
				GENERATE_INFOPLIST_FILE = YES;
				INFOPLIST_KEY_UIApplicationSceneManifest_Generation = YES;
				INFOPLIST_KEY_UIApplicationSupportsIndirectInputEvents = YES;
				INFOPLIST_KEY_UILaunchScreen_Generation = YES;
				INFOPLIST_KEY_UISupportedInterfaceOrientations_iPad = "UIInterfaceOrientationPortrait UIInterfaceOrientationPortraitUpsideDown UIInterfaceOrientationLandscapeLeft UIInterfaceOrientationLandscapeRight";
				INFOPLIST_KEY_UISupportedInterfaceOrientations_iPhone = "UIInterfaceOrientationPortrait UIInterfaceOrientationLandscapeLeft UIInterfaceOrientationLandscapeRight";
				LD_RUNPATH_SEARCH_PATHS = (
					"$(inherited)",
					"@executable_path/Frameworks",
				);
				MARKETING_VERSION = 1.0;
				PRODUCT_BUNDLE_IDENTIFIER = BlubApps.ToggleSwiftUI;
				PRODUCT_NAME = "$(TARGET_NAME)";
				SWIFT_EMIT_LOC_STRINGS = YES;
				SWIFT_VERSION = 5.0;
				TARGETED_DEVICE_FAMILY = "1,2";
			};
			name = Debug;
		};
		7A823ABE291AD307008AE166 /* Release */ = {
			isa = XCBuildConfiguration;
			buildSettings = {
				ASSETCATALOG_COMPILER_APPICON_NAME = AppIcon;
				ASSETCATALOG_COMPILER_GLOBAL_ACCENT_COLOR_NAME = AccentColor;
				CODE_SIGN_STYLE = Automatic;
				CURRENT_PROJECT_VERSION = 1;
				DEVELOPMENT_ASSET_PATHS = "\"ToggleSwiftUI/Preview Content\"";
				ENABLE_PREVIEWS = YES;
				GENERATE_INFOPLIST_FILE = YES;
				INFOPLIST_KEY_UIApplicationSceneManifest_Generation = YES;
				INFOPLIST_KEY_UIApplicationSupportsIndirectInputEvents = YES;
				INFOPLIST_KEY_UILaunchScreen_Generation = YES;
				INFOPLIST_KEY_UISupportedInterfaceOrientations_iPad = "UIInterfaceOrientationPortrait UIInterfaceOrientationPortraitUpsideDown UIInterfaceOrientationLandscapeLeft UIInterfaceOrientationLandscapeRight";
				INFOPLIST_KEY_UISupportedInterfaceOrientations_iPhone = "UIInterfaceOrientationPortrait UIInterfaceOrientationLandscapeLeft UIInterfaceOrientationLandscapeRight";
				LD_RUNPATH_SEARCH_PATHS = (
					"$(inherited)",
					"@executable_path/Frameworks",
				);
				MARKETING_VERSION = 1.0;
				PRODUCT_BUNDLE_IDENTIFIER = BlubApps.ToggleSwiftUI;
				PRODUCT_NAME = "$(TARGET_NAME)";
				SWIFT_EMIT_LOC_STRINGS = YES;
				SWIFT_VERSION = 5.0;
				TARGETED_DEVICE_FAMILY = "1,2";
			};
			name = Release;
		};
		7A823AC0291AD307008AE166 /* Debug */ = {
			isa = XCBuildConfiguration;
			buildSettings = {
				ALWAYS_EMBED_SWIFT_STANDARD_LIBRARIES = YES;
				BUNDLE_LOADER = "$(TEST_HOST)";
				CODE_SIGN_STYLE = Automatic;
				CURRENT_PROJECT_VERSION = 1;
				GENERATE_INFOPLIST_FILE = YES;
				IPHONEOS_DEPLOYMENT_TARGET = 16.0;
				MARKETING_VERSION = 1.0;
				PRODUCT_BUNDLE_IDENTIFIER = BlubApps.ToggleSwiftUITests;
				PRODUCT_NAME = "$(TARGET_NAME)";
				SWIFT_EMIT_LOC_STRINGS = NO;
				SWIFT_VERSION = 5.0;
				TARGETED_DEVICE_FAMILY = "1,2";
				TEST_HOST = "$(BUILT_PRODUCTS_DIR)/ToggleSwiftUI.app/$(BUNDLE_EXECUTABLE_FOLDER_PATH)/ToggleSwiftUI";
			};
			name = Debug;
		};
		7A823AC1291AD307008AE166 /* Release */ = {
			isa = XCBuildConfiguration;
			buildSettings = {
				ALWAYS_EMBED_SWIFT_STANDARD_LIBRARIES = YES;
				BUNDLE_LOADER = "$(TEST_HOST)";
				CODE_SIGN_STYLE = Automatic;
				CURRENT_PROJECT_VERSION = 1;
				GENERATE_INFOPLIST_FILE = YES;
				IPHONEOS_DEPLOYMENT_TARGET = 16.0;
				MARKETING_VERSION = 1.0;
				PRODUCT_BUNDLE_IDENTIFIER = BlubApps.ToggleSwiftUITests;
				PRODUCT_NAME = "$(TARGET_NAME)";
				SWIFT_EMIT_LOC_STRINGS = NO;
				SWIFT_VERSION = 5.0;
				TARGETED_DEVICE_FAMILY = "1,2";
				TEST_HOST = "$(BUILT_PRODUCTS_DIR)/ToggleSwiftUI.app/$(BUNDLE_EXECUTABLE_FOLDER_PATH)/ToggleSwiftUI";
			};
			name = Release;
		};
		7A823AC3291AD307008AE166 /* Debug */ = {
			isa = XCBuildConfiguration;
			buildSettings = {
				ALWAYS_EMBED_SWIFT_STANDARD_LIBRARIES = YES;
				CODE_SIGN_STYLE = Automatic;
				CURRENT_PROJECT_VERSION = 1;
				GENERATE_INFOPLIST_FILE = YES;
				MARKETING_VERSION = 1.0;
				PRODUCT_BUNDLE_IDENTIFIER = BlubApps.ToggleSwiftUIUITests;
				PRODUCT_NAME = "$(TARGET_NAME)";
				SWIFT_EMIT_LOC_STRINGS = NO;
				SWIFT_VERSION = 5.0;
				TARGETED_DEVICE_FAMILY = "1,2";
				TEST_TARGET_NAME = ToggleSwiftUI;
			};
			name = Debug;
		};
		7A823AC4291AD307008AE166 /* Release */ = {
			isa = XCBuildConfiguration;
			buildSettings = {
				ALWAYS_EMBED_SWIFT_STANDARD_LIBRARIES = YES;
				CODE_SIGN_STYLE = Automatic;
				CURRENT_PROJECT_VERSION = 1;
				GENERATE_INFOPLIST_FILE = YES;
				MARKETING_VERSION = 1.0;
				PRODUCT_BUNDLE_IDENTIFIER = BlubApps.ToggleSwiftUIUITests;
				PRODUCT_NAME = "$(TARGET_NAME)";
				SWIFT_EMIT_LOC_STRINGS = NO;
				SWIFT_VERSION = 5.0;
				TARGETED_DEVICE_FAMILY = "1,2";
				TEST_TARGET_NAME = ToggleSwiftUI;
			};
			name = Release;
		};
/* End XCBuildConfiguration section */

/* Begin XCConfigurationList section */
		7A823A93291AD302008AE166 /* Build configuration list for PBXProject "ToggleSwiftUI" */ = {
			isa = XCConfigurationList;
			buildConfigurations = (
				7A823ABA291AD307008AE166 /* Debug */,
				7A823ABB291AD307008AE166 /* Release */,
			);
			defaultConfigurationIsVisible = 0;
			defaultConfigurationName = Release;
		};
		7A823ABC291AD307008AE166 /* Build configuration list for PBXNativeTarget "ToggleSwiftUI" */ = {
			isa = XCConfigurationList;
			buildConfigurations = (
				7A823ABD291AD307008AE166 /* Debug */,
				7A823ABE291AD307008AE166 /* Release */,
			);
			defaultConfigurationIsVisible = 0;
			defaultConfigurationName = Release;
		};
		7A823ABF291AD307008AE166 /* Build configuration list for PBXNativeTarget "ToggleSwiftUITests" */ = {
			isa = XCConfigurationList;
			buildConfigurations = (
				7A823AC0291AD307008AE166 /* Debug */,
				7A823AC1291AD307008AE166 /* Release */,
			);
			defaultConfigurationIsVisible = 0;
			defaultConfigurationName = Release;
		};
		7A823AC2291AD307008AE166 /* Build configuration list for PBXNativeTarget "ToggleSwiftUIUITests" */ = {
			isa = XCConfigurationList;
			buildConfigurations = (
				7A823AC3291AD307008AE166 /* Debug */,
				7A823AC4291AD307008AE166 /* Release */,
			);
			defaultConfigurationIsVisible = 0;
			defaultConfigurationName = Release;
		};
/* End XCConfigurationList section */
	};
	rootObject = 7A823A90291AD302008AE166 /* Project object */;
}
