// !$*UTF8*$!
{
	archiveVersion = 1;
	classes = {
	};
	objectVersion = 56;
	objects = {

/* Begin PBXBuildFile section */
		7A51E3AA28F8A7ED0076183E /* AppDelegate.swift in Sources */ = {isa = PBXBuildFile; fileRef = 7A51E3A928F8A7ED0076183E /* AppDelegate.swift */; };
		7A51E3AC28F8A7ED0076183E /* SceneDelegate.swift in Sources */ = {isa = PBXBuildFile; fileRef = 7A51E3AB28F8A7ED0076183E /* SceneDelegate.swift */; };
		7A51E3AE28F8A7ED0076183E /* ViewController.swift in Sources */ = {isa = PBXBuildFile; fileRef = 7A51E3AD28F8A7ED0076183E /* ViewController.swift */; };
		7A51E3B128F8A7ED0076183E /* Main.storyboard in Resources */ = {isa = PBXBuildFile; fileRef = 7A51E3AF28F8A7ED0076183E /* Main.storyboard */; };
		7A51E3B328F8A7EF0076183E /* Assets.xcassets in Resources */ = {isa = PBXBuildFile; fileRef = 7A51E3B228F8A7EF0076183E /* Assets.xcassets */; };
		7A51E3B628F8A7EF0076183E /* LaunchScreen.storyboard in Resources */ = {isa = PBXBuildFile; fileRef = 7A51E3B428F8A7EF0076183E /* LaunchScreen.storyboard */; };
		7A51E3C128F8A7EF0076183E /* CalculatorAppTests.swift in Sources */ = {isa = PBXBuildFile; fileRef = 7A51E3C028F8A7EF0076183E /* CalculatorAppTests.swift */; };
		7A51E3CB28F8A7EF0076183E /* CalculatorAppUITests.swift in Sources */ = {isa = PBXBuildFile; fileRef = 7A51E3CA28F8A7EF0076183E /* CalculatorAppUITests.swift */; };
		7A51E3CD28F8A7EF0076183E /* CalculatorAppUITestsLaunchTests.swift in Sources */ = {isa = PBXBuildFile; fileRef = 7A51E3CC28F8A7EF0076183E /* CalculatorAppUITestsLaunchTests.swift */; };
/* End PBXBuildFile section */

/* Begin PBXContainerItemProxy section */
		7A51E3BD28F8A7EF0076183E /* PBXContainerItemProxy */ = {
			isa = PBXContainerItemProxy;
			containerPortal = 7A51E39E28F8A7EC0076183E /* Project object */;
			proxyType = 1;
			remoteGlobalIDString = 7A51E3A528F8A7ED0076183E;
			remoteInfo = CalculatorApp;
		};
		7A51E3C728F8A7EF0076183E /* PBXContainerItemProxy */ = {
			isa = PBXContainerItemProxy;
			containerPortal = 7A51E39E28F8A7EC0076183E /* Project object */;
			proxyType = 1;
			remoteGlobalIDString = 7A51E3A528F8A7ED0076183E;
			remoteInfo = CalculatorApp;
		};
/* End PBXContainerItemProxy section */

/* Begin PBXFileReference section */
		7A51E3A628F8A7ED0076183E /* CalculatorApp.app */ = {isa = PBXFileReference; explicitFileType = wrapper.application; includeInIndex = 0; path = CalculatorApp.app; sourceTree = BUILT_PRODUCTS_DIR; };
		7A51E3A928F8A7ED0076183E /* AppDelegate.swift */ = {isa = PBXFileReference; lastKnownFileType = sourcecode.swift; path = AppDelegate.swift; sourceTree = "<group>"; };
		7A51E3AB28F8A7ED0076183E /* SceneDelegate.swift */ = {isa = PBXFileReference; lastKnownFileType = sourcecode.swift; path = SceneDelegate.swift; sourceTree = "<group>"; };
		7A51E3AD28F8A7ED0076183E /* ViewController.swift */ = {isa = PBXFileReference; lastKnownFileType = sourcecode.swift; path = ViewController.swift; sourceTree = "<group>"; };
		7A51E3B028F8A7ED0076183E /* Base */ = {isa = PBXFileReference; lastKnownFileType = file.storyboard; name = Base; path = Base.lproj/Main.storyboard; sourceTree = "<group>"; };
		7A51E3B228F8A7EF0076183E /* Assets.xcassets */ = {isa = PBXFileReference; lastKnownFileType = folder.assetcatalog; path = Assets.xcassets; sourceTree = "<group>"; };
		7A51E3B528F8A7EF0076183E /* Base */ = {isa = PBXFileReference; lastKnownFileType = file.storyboard; name = Base; path = Base.lproj/LaunchScreen.storyboard; sourceTree = "<group>"; };
		7A51E3B728F8A7EF0076183E /* Info.plist */ = {isa = PBXFileReference; lastKnownFileType = text.plist.xml; path = Info.plist; sourceTree = "<group>"; };
		7A51E3BC28F8A7EF0076183E /* CalculatorAppTests.xctest */ = {isa = PBXFileReference; explicitFileType = wrapper.cfbundle; includeInIndex = 0; path = CalculatorAppTests.xctest; sourceTree = BUILT_PRODUCTS_DIR; };
		7A51E3C028F8A7EF0076183E /* CalculatorAppTests.swift */ = {isa = PBXFileReference; lastKnownFileType = sourcecode.swift; path = CalculatorAppTests.swift; sourceTree = "<group>"; };
		7A51E3C628F8A7EF0076183E /* CalculatorAppUITests.xctest */ = {isa = PBXFileReference; explicitFileType = wrapper.cfbundle; includeInIndex = 0; path = CalculatorAppUITests.xctest; sourceTree = BUILT_PRODUCTS_DIR; };
		7A51E3CA28F8A7EF0076183E /* CalculatorAppUITests.swift */ = {isa = PBXFileReference; lastKnownFileType = sourcecode.swift; path = CalculatorAppUITests.swift; sourceTree = "<group>"; };
		7A51E3CC28F8A7EF0076183E /* CalculatorAppUITestsLaunchTests.swift */ = {isa = PBXFileReference; lastKnownFileType = sourcecode.swift; path = CalculatorAppUITestsLaunchTests.swift; sourceTree = "<group>"; };
/* End PBXFileReference section */

/* Begin PBXFrameworksBuildPhase section */
		7A51E3A328F8A7ED0076183E /* Frameworks */ = {
			isa = PBXFrameworksBuildPhase;
			buildActionMask = 2147483647;
			files = (
			);
			runOnlyForDeploymentPostprocessing = 0;
		};
		7A51E3B928F8A7EF0076183E /* Frameworks */ = {
			isa = PBXFrameworksBuildPhase;
			buildActionMask = 2147483647;
			files = (
			);
			runOnlyForDeploymentPostprocessing = 0;
		};
		7A51E3C328F8A7EF0076183E /* Frameworks */ = {
			isa = PBXFrameworksBuildPhase;
			buildActionMask = 2147483647;
			files = (
			);
			runOnlyForDeploymentPostprocessing = 0;
		};
/* End PBXFrameworksBuildPhase section */

/* Begin PBXGroup section */
		7A51E39D28F8A7EC0076183E = {
			isa = PBXGroup;
			children = (
				7A51E3A828F8A7ED0076183E /* CalculatorApp */,
				7A51E3BF28F8A7EF0076183E /* CalculatorAppTests */,
				7A51E3C928F8A7EF0076183E /* CalculatorAppUITests */,
				7A51E3A728F8A7ED0076183E /* Products */,
			);
			sourceTree = "<group>";
		};
		7A51E3A728F8A7ED0076183E /* Products */ = {
			isa = PBXGroup;
			children = (
				7A51E3A628F8A7ED0076183E /* CalculatorApp.app */,
				7A51E3BC28F8A7EF0076183E /* CalculatorAppTests.xctest */,
				7A51E3C628F8A7EF0076183E /* CalculatorAppUITests.xctest */,
			);
			name = Products;
			sourceTree = "<group>";
		};
		7A51E3A828F8A7ED0076183E /* CalculatorApp */ = {
			isa = PBXGroup;
			children = (
				7A51E3A928F8A7ED0076183E /* AppDelegate.swift */,
				7A51E3AB28F8A7ED0076183E /* SceneDelegate.swift */,
				7A51E3AD28F8A7ED0076183E /* ViewController.swift */,
				7A51E3AF28F8A7ED0076183E /* Main.storyboard */,
				7A51E3B228F8A7EF0076183E /* Assets.xcassets */,
				7A51E3B428F8A7EF0076183E /* LaunchScreen.storyboard */,
				7A51E3B728F8A7EF0076183E /* Info.plist */,
			);
			path = CalculatorApp;
			sourceTree = "<group>";
		};
		7A51E3BF28F8A7EF0076183E /* CalculatorAppTests */ = {
			isa = PBXGroup;
			children = (
				7A51E3C028F8A7EF0076183E /* CalculatorAppTests.swift */,
			);
			path = CalculatorAppTests;
			sourceTree = "<group>";
		};
		7A51E3C928F8A7EF0076183E /* CalculatorAppUITests */ = {
			isa = PBXGroup;
			children = (
				7A51E3CA28F8A7EF0076183E /* CalculatorAppUITests.swift */,
				7A51E3CC28F8A7EF0076183E /* CalculatorAppUITestsLaunchTests.swift */,
			);
			path = CalculatorAppUITests;
			sourceTree = "<group>";
		};
/* End PBXGroup section */

/* Begin PBXNativeTarget section */
		7A51E3A528F8A7ED0076183E /* CalculatorApp */ = {
			isa = PBXNativeTarget;
			buildConfigurationList = 7A51E3D028F8A7EF0076183E /* Build configuration list for PBXNativeTarget "CalculatorApp" */;
			buildPhases = (
				7A51E3A228F8A7ED0076183E /* Sources */,
				7A51E3A328F8A7ED0076183E /* Frameworks */,
				7A51E3A428F8A7ED0076183E /* Resources */,
			);
			buildRules = (
			);
			dependencies = (
			);
			name = CalculatorApp;
			productName = CalculatorApp;
			productReference = 7A51E3A628F8A7ED0076183E /* CalculatorApp.app */;
			productType = "com.apple.product-type.application";
		};
		7A51E3BB28F8A7EF0076183E /* CalculatorAppTests */ = {
			isa = PBXNativeTarget;
			buildConfigurationList = 7A51E3D328F8A7EF0076183E /* Build configuration list for PBXNativeTarget "CalculatorAppTests" */;
			buildPhases = (
				7A51E3B828F8A7EF0076183E /* Sources */,
				7A51E3B928F8A7EF0076183E /* Frameworks */,
				7A51E3BA28F8A7EF0076183E /* Resources */,
			);
			buildRules = (
			);
			dependencies = (
				7A51E3BE28F8A7EF0076183E /* PBXTargetDependency */,
			);
			name = CalculatorAppTests;
			productName = CalculatorAppTests;
			productReference = 7A51E3BC28F8A7EF0076183E /* CalculatorAppTests.xctest */;
			productType = "com.apple.product-type.bundle.unit-test";
		};
		7A51E3C528F8A7EF0076183E /* CalculatorAppUITests */ = {
			isa = PBXNativeTarget;
			buildConfigurationList = 7A51E3D628F8A7EF0076183E /* Build configuration list for PBXNativeTarget "CalculatorAppUITests" */;
			buildPhases = (
				7A51E3C228F8A7EF0076183E /* Sources */,
				7A51E3C328F8A7EF0076183E /* Frameworks */,
				7A51E3C428F8A7EF0076183E /* Resources */,
			);
			buildRules = (
			);
			dependencies = (
				7A51E3C828F8A7EF0076183E /* PBXTargetDependency */,
			);
			name = CalculatorAppUITests;
			productName = CalculatorAppUITests;
			productReference = 7A51E3C628F8A7EF0076183E /* CalculatorAppUITests.xctest */;
			productType = "com.apple.product-type.bundle.ui-testing";
		};
/* End PBXNativeTarget section */

/* Begin PBXProject section */
		7A51E39E28F8A7EC0076183E /* Project object */ = {
			isa = PBXProject;
			attributes = {
				BuildIndependentTargetsInParallel = 1;
				LastSwiftUpdateCheck = 1400;
				LastUpgradeCheck = 1400;
				TargetAttributes = {
					7A51E3A528F8A7ED0076183E = {
						CreatedOnToolsVersion = 14.0;
					};
					7A51E3BB28F8A7EF0076183E = {
						CreatedOnToolsVersion = 14.0;
						TestTargetID = 7A51E3A528F8A7ED0076183E;
					};
					7A51E3C528F8A7EF0076183E = {
						CreatedOnToolsVersion = 14.0;
						TestTargetID = 7A51E3A528F8A7ED0076183E;
					};
				};
			};
			buildConfigurationList = 7A51E3A128F8A7EC0076183E /* Build configuration list for PBXProject "CalculatorApp" */;
			compatibilityVersion = "Xcode 14.0";
			developmentRegion = en;
			hasScannedForEncodings = 0;
			knownRegions = (
				en,
				Base,
			);
			mainGroup = 7A51E39D28F8A7EC0076183E;
			productRefGroup = 7A51E3A728F8A7ED0076183E /* Products */;
			projectDirPath = "";
			projectRoot = "";
			targets = (
				7A51E3A528F8A7ED0076183E /* CalculatorApp */,
				7A51E3BB28F8A7EF0076183E /* CalculatorAppTests */,
				7A51E3C528F8A7EF0076183E /* CalculatorAppUITests */,
			);
		};
/* End PBXProject section */

/* Begin PBXResourcesBuildPhase section */
		7A51E3A428F8A7ED0076183E /* Resources */ = {
			isa = PBXResourcesBuildPhase;
			buildActionMask = 2147483647;
			files = (
				7A51E3B628F8A7EF0076183E /* LaunchScreen.storyboard in Resources */,
				7A51E3B328F8A7EF0076183E /* Assets.xcassets in Resources */,
				7A51E3B128F8A7ED0076183E /* Main.storyboard in Resources */,
			);
			runOnlyForDeploymentPostprocessing = 0;
		};
		7A51E3BA28F8A7EF0076183E /* Resources */ = {
			isa = PBXResourcesBuildPhase;
			buildActionMask = 2147483647;
			files = (
			);
			runOnlyForDeploymentPostprocessing = 0;
		};
		7A51E3C428F8A7EF0076183E /* Resources */ = {
			isa = PBXResourcesBuildPhase;
			buildActionMask = 2147483647;
			files = (
			);
			runOnlyForDeploymentPostprocessing = 0;
		};
/* End PBXResourcesBuildPhase section */

/* Begin PBXSourcesBuildPhase section */
		7A51E3A228F8A7ED0076183E /* Sources */ = {
			isa = PBXSourcesBuildPhase;
			buildActionMask = 2147483647;
			files = (
				7A51E3AE28F8A7ED0076183E /* ViewController.swift in Sources */,
				7A51E3AA28F8A7ED0076183E /* AppDelegate.swift in Sources */,
				7A51E3AC28F8A7ED0076183E /* SceneDelegate.swift in Sources */,
			);
			runOnlyForDeploymentPostprocessing = 0;
		};
		7A51E3B828F8A7EF0076183E /* Sources */ = {
			isa = PBXSourcesBuildPhase;
			buildActionMask = 2147483647;
			files = (
				7A51E3C128F8A7EF0076183E /* CalculatorAppTests.swift in Sources */,
			);
			runOnlyForDeploymentPostprocessing = 0;
		};
		7A51E3C228F8A7EF0076183E /* Sources */ = {
			isa = PBXSourcesBuildPhase;
			buildActionMask = 2147483647;
			files = (
				7A51E3CD28F8A7EF0076183E /* CalculatorAppUITestsLaunchTests.swift in Sources */,
				7A51E3CB28F8A7EF0076183E /* CalculatorAppUITests.swift in Sources */,
			);
			runOnlyForDeploymentPostprocessing = 0;
		};
/* End PBXSourcesBuildPhase section */

/* Begin PBXTargetDependency section */
		7A51E3BE28F8A7EF0076183E /* PBXTargetDependency */ = {
			isa = PBXTargetDependency;
			target = 7A51E3A528F8A7ED0076183E /* CalculatorApp */;
			targetProxy = 7A51E3BD28F8A7EF0076183E /* PBXContainerItemProxy */;
		};
		7A51E3C828F8A7EF0076183E /* PBXTargetDependency */ = {
			isa = PBXTargetDependency;
			target = 7A51E3A528F8A7ED0076183E /* CalculatorApp */;
			targetProxy = 7A51E3C728F8A7EF0076183E /* PBXContainerItemProxy */;
		};
/* End PBXTargetDependency section */

/* Begin PBXVariantGroup section */
		7A51E3AF28F8A7ED0076183E /* Main.storyboard */ = {
			isa = PBXVariantGroup;
			children = (
				7A51E3B028F8A7ED0076183E /* Base */,
			);
			name = Main.storyboard;
			sourceTree = "<group>";
		};
		7A51E3B428F8A7EF0076183E /* LaunchScreen.storyboard */ = {
			isa = PBXVariantGroup;
			children = (
				7A51E3B528F8A7EF0076183E /* Base */,
			);
			name = LaunchScreen.storyboard;
			sourceTree = "<group>";
		};
/* End PBXVariantGroup section */

/* Begin XCBuildConfiguration section */
		7A51E3CE28F8A7EF0076183E /* Debug */ = {
			isa = XCBuildConfiguration;
			buildSettings = {
				ALWAYS_SEARCH_USER_PATHS = NO;
				CLANG_ANALYZER_NONNULL = YES;
				CLANG_ANALYZER_NUMBER_OBJECT_CONVERSION = YES_AGGRESSIVE;
				CLANG_CXX_LANGUAGE_STANDARD = "gnu++20";
				CLANG_ENABLE_MODULES = YES;
				CLANG_ENABLE_OBJC_ARC = YES;
				CLANG_ENABLE_OBJC_WEAK = YES;
				CLANG_WARN_BLOCK_CAPTURE_AUTORELEASING = YES;
				CLANG_WARN_BOOL_CONVERSION = YES;
				CLANG_WARN_COMMA = YES;
				CLANG_WARN_CONSTANT_CONVERSION = YES;
				CLANG_WARN_DEPRECATED_OBJC_IMPLEMENTATIONS = YES;
				CLANG_WARN_DIRECT_OBJC_ISA_USAGE = YES_ERROR;
				CLANG_WARN_DOCUMENTATION_COMMENTS = YES;
				CLANG_WARN_EMPTY_BODY = YES;
				CLANG_WARN_ENUM_CONVERSION = YES;
				CLANG_WARN_INFINITE_RECURSION = YES;
				CLANG_WARN_INT_CONVERSION = YES;
				CLANG_WARN_NON_LITERAL_NULL_CONVERSION = YES;
				CLANG_WARN_OBJC_IMPLICIT_RETAIN_SELF = YES;
				CLANG_WARN_OBJC_LITERAL_CONVERSION = YES;
				CLANG_WARN_OBJC_ROOT_CLASS = YES_ERROR;
				CLANG_WARN_QUOTED_INCLUDE_IN_FRAMEWORK_HEADER = YES;
				CLANG_WARN_RANGE_LOOP_ANALYSIS = YES;
				CLANG_WARN_STRICT_PROTOTYPES = YES;
				CLANG_WARN_SUSPICIOUS_MOVE = YES;
				CLANG_WARN_UNGUARDED_AVAILABILITY = YES_AGGRESSIVE;
				CLANG_WARN_UNREACHABLE_CODE = YES;
				CLANG_WARN__DUPLICATE_METHOD_MATCH = YES;
				COPY_PHASE_STRIP = NO;
				DEBUG_INFORMATION_FORMAT = dwarf;
				ENABLE_STRICT_OBJC_MSGSEND = YES;
				ENABLE_TESTABILITY = YES;
				GCC_C_LANGUAGE_STANDARD = gnu11;
				GCC_DYNAMIC_NO_PIC = NO;
				GCC_NO_COMMON_BLOCKS = YES;
				GCC_OPTIMIZATION_LEVEL = 0;
				GCC_PREPROCESSOR_DEFINITIONS = (
					"DEBUG=1",
					"$(inherited)",
				);
				GCC_WARN_64_TO_32_BIT_CONVERSION = YES;
				GCC_WARN_ABOUT_RETURN_TYPE = YES_ERROR;
				GCC_WARN_UNDECLARED_SELECTOR = YES;
				GCC_WARN_UNINITIALIZED_AUTOS = YES_AGGRESSIVE;
				GCC_WARN_UNUSED_FUNCTION = YES;
				GCC_WARN_UNUSED_VARIABLE = YES;
				IPHONEOS_DEPLOYMENT_TARGET = 16.0;
				MTL_ENABLE_DEBUG_INFO = INCLUDE_SOURCE;
				MTL_FAST_MATH = YES;
				ONLY_ACTIVE_ARCH = YES;
				SDKROOT = iphoneos;
				SWIFT_ACTIVE_COMPILATION_CONDITIONS = DEBUG;
				SWIFT_OPTIMIZATION_LEVEL = "-Onone";
			};
			name = Debug;
		};
		7A51E3CF28F8A7EF0076183E /* Release */ = {
			isa = XCBuildConfiguration;
			buildSettings = {
				ALWAYS_SEARCH_USER_PATHS = NO;
				CLANG_ANALYZER_NONNULL = YES;
				CLANG_ANALYZER_NUMBER_OBJECT_CONVERSION = YES_AGGRESSIVE;
				CLANG_CXX_LANGUAGE_STANDARD = "gnu++20";
				CLANG_ENABLE_MODULES = YES;
				CLANG_ENABLE_OBJC_ARC = YES;
				CLANG_ENABLE_OBJC_WEAK = YES;
				CLANG_WARN_BLOCK_CAPTURE_AUTORELEASING = YES;
				CLANG_WARN_BOOL_CONVERSION = YES;
				CLANG_WARN_COMMA = YES;
				CLANG_WARN_CONSTANT_CONVERSION = YES;
				CLANG_WARN_DEPRECATED_OBJC_IMPLEMENTATIONS = YES;
				CLANG_WARN_DIRECT_OBJC_ISA_USAGE = YES_ERROR;
				CLANG_WARN_DOCUMENTATION_COMMENTS = YES;
				CLANG_WARN_EMPTY_BODY = YES;
				CLANG_WARN_ENUM_CONVERSION = YES;
				CLANG_WARN_INFINITE_RECURSION = YES;
				CLANG_WARN_INT_CONVERSION = YES;
				CLANG_WARN_NON_LITERAL_NULL_CONVERSION = YES;
				CLANG_WARN_OBJC_IMPLICIT_RETAIN_SELF = YES;
				CLANG_WARN_OBJC_LITERAL_CONVERSION = YES;
				CLANG_WARN_OBJC_ROOT_CLASS = YES_ERROR;
				CLANG_WARN_QUOTED_INCLUDE_IN_FRAMEWORK_HEADER = YES;
				CLANG_WARN_RANGE_LOOP_ANALYSIS = YES;
				CLANG_WARN_STRICT_PROTOTYPES = YES;
				CLANG_WARN_SUSPICIOUS_MOVE = YES;
				CLANG_WARN_UNGUARDED_AVAILABILITY = YES_AGGRESSIVE;
				CLANG_WARN_UNREACHABLE_CODE = YES;
				CLANG_WARN__DUPLICATE_METHOD_MATCH = YES;
				COPY_PHASE_STRIP = NO;
				DEBUG_INFORMATION_FORMAT = "dwarf-with-dsym";
				ENABLE_NS_ASSERTIONS = NO;
				ENABLE_STRICT_OBJC_MSGSEND = YES;
				GCC_C_LANGUAGE_STANDARD = gnu11;
				GCC_NO_COMMON_BLOCKS = YES;
				GCC_WARN_64_TO_32_BIT_CONVERSION = YES;
				GCC_WARN_ABOUT_RETURN_TYPE = YES_ERROR;
				GCC_WARN_UNDECLARED_SELECTOR = YES;
				GCC_WARN_UNINITIALIZED_AUTOS = YES_AGGRESSIVE;
				GCC_WARN_UNUSED_FUNCTION = YES;
				GCC_WARN_UNUSED_VARIABLE = YES;
				IPHONEOS_DEPLOYMENT_TARGET = 16.0;
				MTL_ENABLE_DEBUG_INFO = NO;
				MTL_FAST_MATH = YES;
				SDKROOT = iphoneos;
				SWIFT_COMPILATION_MODE = wholemodule;
				SWIFT_OPTIMIZATION_LEVEL = "-O";
				VALIDATE_PRODUCT = YES;
			};
			name = Release;
		};
		7A51E3D128F8A7EF0076183E /* Debug */ = {
			isa = XCBuildConfiguration;
			buildSettings = {
				ASSETCATALOG_COMPILER_APPICON_NAME = AppIcon;
				ASSETCATALOG_COMPILER_GLOBAL_ACCENT_COLOR_NAME = AccentColor;
				CODE_SIGN_STYLE = Automatic;
				CURRENT_PROJECT_VERSION = 1;
				GENERATE_INFOPLIST_FILE = YES;
				INFOPLIST_FILE = CalculatorApp/Info.plist;
				INFOPLIST_KEY_UIApplicationSupportsIndirectInputEvents = YES;
				INFOPLIST_KEY_UILaunchStoryboardName = LaunchScreen;
				INFOPLIST_KEY_UIMainStoryboardFile = Main;
				INFOPLIST_KEY_UISupportedInterfaceOrientations_iPad = "UIInterfaceOrientationPortrait UIInterfaceOrientationPortraitUpsideDown UIInterfaceOrientationLandscapeLeft UIInterfaceOrientationLandscapeRight";
				INFOPLIST_KEY_UISupportedInterfaceOrientations_iPhone = "UIInterfaceOrientationPortrait UIInterfaceOrientationLandscapeLeft UIInterfaceOrientationLandscapeRight";
				LD_RUNPATH_SEARCH_PATHS = (
					"$(inherited)",
					"@executable_path/Frameworks",
				);
				MARKETING_VERSION = 1.0;
				PRODUCT_BUNDLE_IDENTIFIER = BlubApps.CalculatorApp;
				PRODUCT_NAME = "$(TARGET_NAME)";
				SWIFT_EMIT_LOC_STRINGS = YES;
				SWIFT_VERSION = 5.0;
				TARGETED_DEVICE_FAMILY = "1,2";
			};
			name = Debug;
		};
		7A51E3D228F8A7EF0076183E /* Release */ = {
			isa = XCBuildConfiguration;
			buildSettings = {
				ASSETCATALOG_COMPILER_APPICON_NAME = AppIcon;
				ASSETCATALOG_COMPILER_GLOBAL_ACCENT_COLOR_NAME = AccentColor;
				CODE_SIGN_STYLE = Automatic;
				CURRENT_PROJECT_VERSION = 1;
				GENERATE_INFOPLIST_FILE = YES;
				INFOPLIST_FILE = CalculatorApp/Info.plist;
				INFOPLIST_KEY_UIApplicationSupportsIndirectInputEvents = YES;
				INFOPLIST_KEY_UILaunchStoryboardName = LaunchScreen;
				INFOPLIST_KEY_UIMainStoryboardFile = Main;
				INFOPLIST_KEY_UISupportedInterfaceOrientations_iPad = "UIInterfaceOrientationPortrait UIInterfaceOrientationPortraitUpsideDown UIInterfaceOrientationLandscapeLeft UIInterfaceOrientationLandscapeRight";
				INFOPLIST_KEY_UISupportedInterfaceOrientations_iPhone = "UIInterfaceOrientationPortrait UIInterfaceOrientationLandscapeLeft UIInterfaceOrientationLandscapeRight";
				LD_RUNPATH_SEARCH_PATHS = (
					"$(inherited)",
					"@executable_path/Frameworks",
				);
				MARKETING_VERSION = 1.0;
				PRODUCT_BUNDLE_IDENTIFIER = BlubApps.CalculatorApp;
				PRODUCT_NAME = "$(TARGET_NAME)";
				SWIFT_EMIT_LOC_STRINGS = YES;
				SWIFT_VERSION = 5.0;
				TARGETED_DEVICE_FAMILY = "1,2";
			};
			name = Release;
		};
		7A51E3D428F8A7EF0076183E /* Debug */ = {
			isa = XCBuildConfiguration;
			buildSettings = {
				ALWAYS_EMBED_SWIFT_STANDARD_LIBRARIES = YES;
				BUNDLE_LOADER = "$(TEST_HOST)";
				CODE_SIGN_STYLE = Automatic;
				CURRENT_PROJECT_VERSION = 1;
				GENERATE_INFOPLIST_FILE = YES;
				IPHONEOS_DEPLOYMENT_TARGET = 16.0;
				MARKETING_VERSION = 1.0;
				PRODUCT_BUNDLE_IDENTIFIER = BlubApps.CalculatorAppTests;
				PRODUCT_NAME = "$(TARGET_NAME)";
				SWIFT_EMIT_LOC_STRINGS = NO;
				SWIFT_VERSION = 5.0;
				TARGETED_DEVICE_FAMILY = "1,2";
				TEST_HOST = "$(BUILT_PRODUCTS_DIR)/CalculatorApp.app/$(BUNDLE_EXECUTABLE_FOLDER_PATH)/CalculatorApp";
			};
			name = Debug;
		};
		7A51E3D528F8A7EF0076183E /* Release */ = {
			isa = XCBuildConfiguration;
			buildSettings = {
				ALWAYS_EMBED_SWIFT_STANDARD_LIBRARIES = YES;
				BUNDLE_LOADER = "$(TEST_HOST)";
				CODE_SIGN_STYLE = Automatic;
				CURRENT_PROJECT_VERSION = 1;
				GENERATE_INFOPLIST_FILE = YES;
				IPHONEOS_DEPLOYMENT_TARGET = 16.0;
				MARKETING_VERSION = 1.0;
				PRODUCT_BUNDLE_IDENTIFIER = BlubApps.CalculatorAppTests;
				PRODUCT_NAME = "$(TARGET_NAME)";
				SWIFT_EMIT_LOC_STRINGS = NO;
				SWIFT_VERSION = 5.0;
				TARGETED_DEVICE_FAMILY = "1,2";
				TEST_HOST = "$(BUILT_PRODUCTS_DIR)/CalculatorApp.app/$(BUNDLE_EXECUTABLE_FOLDER_PATH)/CalculatorApp";
			};
			name = Release;
		};
		7A51E3D728F8A7EF0076183E /* Debug */ = {
			isa = XCBuildConfiguration;
			buildSettings = {
				ALWAYS_EMBED_SWIFT_STANDARD_LIBRARIES = YES;
				CODE_SIGN_STYLE = Automatic;
				CURRENT_PROJECT_VERSION = 1;
				GENERATE_INFOPLIST_FILE = YES;
				MARKETING_VERSION = 1.0;
				PRODUCT_BUNDLE_IDENTIFIER = BlubApps.CalculatorAppUITests;
				PRODUCT_NAME = "$(TARGET_NAME)";
				SWIFT_EMIT_LOC_STRINGS = NO;
				SWIFT_VERSION = 5.0;
				TARGETED_DEVICE_FAMILY = "1,2";
				TEST_TARGET_NAME = CalculatorApp;
			};
			name = Debug;
		};
		7A51E3D828F8A7EF0076183E /* Release */ = {
			isa = XCBuildConfiguration;
			buildSettings = {
				ALWAYS_EMBED_SWIFT_STANDARD_LIBRARIES = YES;
				CODE_SIGN_STYLE = Automatic;
				CURRENT_PROJECT_VERSION = 1;
				GENERATE_INFOPLIST_FILE = YES;
				MARKETING_VERSION = 1.0;
				PRODUCT_BUNDLE_IDENTIFIER = BlubApps.CalculatorAppUITests;
				PRODUCT_NAME = "$(TARGET_NAME)";
				SWIFT_EMIT_LOC_STRINGS = NO;
				SWIFT_VERSION = 5.0;
				TARGETED_DEVICE_FAMILY = "1,2";
				TEST_TARGET_NAME = CalculatorApp;
			};
			name = Release;
		};
/* End XCBuildConfiguration section */

/* Begin XCConfigurationList section */
		7A51E3A128F8A7EC0076183E /* Build configuration list for PBXProject "CalculatorApp" */ = {
			isa = XCConfigurationList;
			buildConfigurations = (
				7A51E3CE28F8A7EF0076183E /* Debug */,
				7A51E3CF28F8A7EF0076183E /* Release */,
			);
			defaultConfigurationIsVisible = 0;
			defaultConfigurationName = Release;
		};
		7A51E3D028F8A7EF0076183E /* Build configuration list for PBXNativeTarget "CalculatorApp" */ = {
			isa = XCConfigurationList;
			buildConfigurations = (
				7A51E3D128F8A7EF0076183E /* Debug */,
				7A51E3D228F8A7EF0076183E /* Release */,
			);
			defaultConfigurationIsVisible = 0;
			defaultConfigurationName = Release;
		};
		7A51E3D328F8A7EF0076183E /* Build configuration list for PBXNativeTarget "CalculatorAppTests" */ = {
			isa = XCConfigurationList;
			buildConfigurations = (
				7A51E3D428F8A7EF0076183E /* Debug */,
				7A51E3D528F8A7EF0076183E /* Release */,
			);
			defaultConfigurationIsVisible = 0;
			defaultConfigurationName = Release;
		};
		7A51E3D628F8A7EF0076183E /* Build configuration list for PBXNativeTarget "CalculatorAppUITests" */ = {
			isa = XCConfigurationList;
			buildConfigurations = (
				7A51E3D728F8A7EF0076183E /* Debug */,
				7A51E3D828F8A7EF0076183E /* Release */,
			);
			defaultConfigurationIsVisible = 0;
			defaultConfigurationName = Release;
		};
/* End XCConfigurationList section */
	};
	rootObject = 7A51E39E28F8A7EC0076183E /* Project object */;
}
