// !$*UTF8*$!
{
	archiveVersion = 1;
	classes = {
	};
	objectVersion = 56;
	objects = {

/* Begin PBXBuildFile section */
		7A35A63128F4BA7400042423 /* AppDelegate.swift in Sources */ = {isa = PBXBuildFile; fileRef = 7A35A63028F4BA7400042423 /* AppDelegate.swift */; };
		7A35A63328F4BA7400042423 /* SceneDelegate.swift in Sources */ = {isa = PBXBuildFile; fileRef = 7A35A63228F4BA7400042423 /* SceneDelegate.swift */; };
		7A35A63528F4BA7400042423 /* ConversionViewController.swift in Sources */ = {isa = PBXBuildFile; fileRef = 7A35A63428F4BA7400042423 /* ConversionViewController.swift */; };
		7A35A63828F4BA7400042423 /* Main.storyboard in Resources */ = {isa = PBXBuildFile; fileRef = 7A35A63628F4BA7400042423 /* Main.storyboard */; };
		7A35A63A28F4BA7600042423 /* Assets.xcassets in Resources */ = {isa = PBXBuildFile; fileRef = 7A35A63928F4BA7600042423 /* Assets.xcassets */; };
		7A35A63D28F4BA7600042423 /* LaunchScreen.storyboard in Resources */ = {isa = PBXBuildFile; fileRef = 7A35A63B28F4BA7600042423 /* LaunchScreen.storyboard */; };
		7A35A64828F4BA7600042423 /* WorldTrotterTests.swift in Sources */ = {isa = PBXBuildFile; fileRef = 7A35A64728F4BA7600042423 /* WorldTrotterTests.swift */; };
		7A35A65228F4BA7600042423 /* WorldTrotterUITests.swift in Sources */ = {isa = PBXBuildFile; fileRef = 7A35A65128F4BA7600042423 /* WorldTrotterUITests.swift */; };
		7A35A65428F4BA7600042423 /* WorldTrotterUITestsLaunchTests.swift in Sources */ = {isa = PBXBuildFile; fileRef = 7A35A65328F4BA7600042423 /* WorldTrotterUITestsLaunchTests.swift */; };
		7AA355D728F758EA0060C308 /* MapViewController.swift in Sources */ = {isa = PBXBuildFile; fileRef = 7AA355D628F758EA0060C308 /* MapViewController.swift */; };
/* End PBXBuildFile section */

/* Begin PBXContainerItemProxy section */
		7A35A64428F4BA7600042423 /* PBXContainerItemProxy */ = {
			isa = PBXContainerItemProxy;
			containerPortal = 7A35A62528F4BA7300042423 /* Project object */;
			proxyType = 1;
			remoteGlobalIDString = 7A35A62C28F4BA7300042423;
			remoteInfo = WorldTrotter;
		};
		7A35A64E28F4BA7600042423 /* PBXContainerItemProxy */ = {
			isa = PBXContainerItemProxy;
			containerPortal = 7A35A62528F4BA7300042423 /* Project object */;
			proxyType = 1;
			remoteGlobalIDString = 7A35A62C28F4BA7300042423;
			remoteInfo = WorldTrotter;
		};
/* End PBXContainerItemProxy section */

/* Begin PBXFileReference section */
		7A35A62D28F4BA7300042423 /* WorldTrotter.app */ = {isa = PBXFileReference; explicitFileType = wrapper.application; includeInIndex = 0; path = WorldTrotter.app; sourceTree = BUILT_PRODUCTS_DIR; };
		7A35A63028F4BA7400042423 /* AppDelegate.swift */ = {isa = PBXFileReference; lastKnownFileType = sourcecode.swift; path = AppDelegate.swift; sourceTree = "<group>"; };
		7A35A63228F4BA7400042423 /* SceneDelegate.swift */ = {isa = PBXFileReference; lastKnownFileType = sourcecode.swift; path = SceneDelegate.swift; sourceTree = "<group>"; };
		7A35A63428F4BA7400042423 /* ConversionViewController.swift */ = {isa = PBXFileReference; lastKnownFileType = sourcecode.swift; path = ConversionViewController.swift; sourceTree = "<group>"; };
		7A35A63728F4BA7400042423 /* Base */ = {isa = PBXFileReference; lastKnownFileType = file.storyboard; name = Base; path = Base.lproj/Main.storyboard; sourceTree = "<group>"; };
		7A35A63928F4BA7600042423 /* Assets.xcassets */ = {isa = PBXFileReference; lastKnownFileType = folder.assetcatalog; path = Assets.xcassets; sourceTree = "<group>"; };
		7A35A63C28F4BA7600042423 /* Base */ = {isa = PBXFileReference; lastKnownFileType = file.storyboard; name = Base; path = Base.lproj/LaunchScreen.storyboard; sourceTree = "<group>"; };
		7A35A63E28F4BA7600042423 /* Info.plist */ = {isa = PBXFileReference; lastKnownFileType = text.plist.xml; path = Info.plist; sourceTree = "<group>"; };
		7A35A64328F4BA7600042423 /* WorldTrotterTests.xctest */ = {isa = PBXFileReference; explicitFileType = wrapper.cfbundle; includeInIndex = 0; path = WorldTrotterTests.xctest; sourceTree = BUILT_PRODUCTS_DIR; };
		7A35A64728F4BA7600042423 /* WorldTrotterTests.swift */ = {isa = PBXFileReference; lastKnownFileType = sourcecode.swift; path = WorldTrotterTests.swift; sourceTree = "<group>"; };
		7A35A64D28F4BA7600042423 /* WorldTrotterUITests.xctest */ = {isa = PBXFileReference; explicitFileType = wrapper.cfbundle; includeInIndex = 0; path = WorldTrotterUITests.xctest; sourceTree = BUILT_PRODUCTS_DIR; };
		7A35A65128F4BA7600042423 /* WorldTrotterUITests.swift */ = {isa = PBXFileReference; lastKnownFileType = sourcecode.swift; path = WorldTrotterUITests.swift; sourceTree = "<group>"; };
		7A35A65328F4BA7600042423 /* WorldTrotterUITestsLaunchTests.swift */ = {isa = PBXFileReference; lastKnownFileType = sourcecode.swift; path = WorldTrotterUITestsLaunchTests.swift; sourceTree = "<group>"; };
		7AA355D628F758EA0060C308 /* MapViewController.swift */ = {isa = PBXFileReference; lastKnownFileType = sourcecode.swift; path = MapViewController.swift; sourceTree = "<group>"; };
/* End PBXFileReference section */

/* Begin PBXFrameworksBuildPhase section */
		7A35A62A28F4BA7300042423 /* Frameworks */ = {
			isa = PBXFrameworksBuildPhase;
			buildActionMask = 2147483647;
			files = (
			);
			runOnlyForDeploymentPostprocessing = 0;
		};
		7A35A64028F4BA7600042423 /* Frameworks */ = {
			isa = PBXFrameworksBuildPhase;
			buildActionMask = 2147483647;
			files = (
			);
			runOnlyForDeploymentPostprocessing = 0;
		};
		7A35A64A28F4BA7600042423 /* Frameworks */ = {
			isa = PBXFrameworksBuildPhase;
			buildActionMask = 2147483647;
			files = (
			);
			runOnlyForDeploymentPostprocessing = 0;
		};
/* End PBXFrameworksBuildPhase section */

/* Begin PBXGroup section */
		7A35A62428F4BA7300042423 = {
			isa = PBXGroup;
			children = (
				7A35A62F28F4BA7300042423 /* WorldTrotter */,
				7A35A64628F4BA7600042423 /* WorldTrotterTests */,
				7A35A65028F4BA7600042423 /* WorldTrotterUITests */,
				7A35A62E28F4BA7300042423 /* Products */,
			);
			sourceTree = "<group>";
		};
		7A35A62E28F4BA7300042423 /* Products */ = {
			isa = PBXGroup;
			children = (
				7A35A62D28F4BA7300042423 /* WorldTrotter.app */,
				7A35A64328F4BA7600042423 /* WorldTrotterTests.xctest */,
				7A35A64D28F4BA7600042423 /* WorldTrotterUITests.xctest */,
			);
			name = Products;
			sourceTree = "<group>";
		};
		7A35A62F28F4BA7300042423 /* WorldTrotter */ = {
			isa = PBXGroup;
			children = (
				7A35A63028F4BA7400042423 /* AppDelegate.swift */,
				7A35A63228F4BA7400042423 /* SceneDelegate.swift */,
				7A35A63428F4BA7400042423 /* ConversionViewController.swift */,
				7AA355D628F758EA0060C308 /* MapViewController.swift */,
				7A35A63628F4BA7400042423 /* Main.storyboard */,
				7A35A63928F4BA7600042423 /* Assets.xcassets */,
				7A35A63B28F4BA7600042423 /* LaunchScreen.storyboard */,
				7A35A63E28F4BA7600042423 /* Info.plist */,
			);
			path = WorldTrotter;
			sourceTree = "<group>";
		};
		7A35A64628F4BA7600042423 /* WorldTrotterTests */ = {
			isa = PBXGroup;
			children = (
				7A35A64728F4BA7600042423 /* WorldTrotterTests.swift */,
			);
			path = WorldTrotterTests;
			sourceTree = "<group>";
		};
		7A35A65028F4BA7600042423 /* WorldTrotterUITests */ = {
			isa = PBXGroup;
			children = (
				7A35A65128F4BA7600042423 /* WorldTrotterUITests.swift */,
				7A35A65328F4BA7600042423 /* WorldTrotterUITestsLaunchTests.swift */,
			);
			path = WorldTrotterUITests;
			sourceTree = "<group>";
		};
/* End PBXGroup section */

/* Begin PBXNativeTarget section */
		7A35A62C28F4BA7300042423 /* WorldTrotter */ = {
			isa = PBXNativeTarget;
			buildConfigurationList = 7A35A65728F4BA7600042423 /* Build configuration list for PBXNativeTarget "WorldTrotter" */;
			buildPhases = (
				7A35A62928F4BA7300042423 /* Sources */,
				7A35A62A28F4BA7300042423 /* Frameworks */,
				7A35A62B28F4BA7300042423 /* Resources */,
			);
			buildRules = (
			);
			dependencies = (
			);
			name = WorldTrotter;
			productName = WorldTrotter;
			productReference = 7A35A62D28F4BA7300042423 /* WorldTrotter.app */;
			productType = "com.apple.product-type.application";
		};
		7A35A64228F4BA7600042423 /* WorldTrotterTests */ = {
			isa = PBXNativeTarget;
			buildConfigurationList = 7A35A65A28F4BA7600042423 /* Build configuration list for PBXNativeTarget "WorldTrotterTests" */;
			buildPhases = (
				7A35A63F28F4BA7600042423 /* Sources */,
				7A35A64028F4BA7600042423 /* Frameworks */,
				7A35A64128F4BA7600042423 /* Resources */,
			);
			buildRules = (
			);
			dependencies = (
				7A35A64528F4BA7600042423 /* PBXTargetDependency */,
			);
			name = WorldTrotterTests;
			productName = WorldTrotterTests;
			productReference = 7A35A64328F4BA7600042423 /* WorldTrotterTests.xctest */;
			productType = "com.apple.product-type.bundle.unit-test";
		};
		7A35A64C28F4BA7600042423 /* WorldTrotterUITests */ = {
			isa = PBXNativeTarget;
			buildConfigurationList = 7A35A65D28F4BA7600042423 /* Build configuration list for PBXNativeTarget "WorldTrotterUITests" */;
			buildPhases = (
				7A35A64928F4BA7600042423 /* Sources */,
				7A35A64A28F4BA7600042423 /* Frameworks */,
				7A35A64B28F4BA7600042423 /* Resources */,
			);
			buildRules = (
			);
			dependencies = (
				7A35A64F28F4BA7600042423 /* PBXTargetDependency */,
			);
			name = WorldTrotterUITests;
			productName = WorldTrotterUITests;
			productReference = 7A35A64D28F4BA7600042423 /* WorldTrotterUITests.xctest */;
			productType = "com.apple.product-type.bundle.ui-testing";
		};
/* End PBXNativeTarget section */

/* Begin PBXProject section */
		7A35A62528F4BA7300042423 /* Project object */ = {
			isa = PBXProject;
			attributes = {
				BuildIndependentTargetsInParallel = 1;
				LastSwiftUpdateCheck = 1400;
				LastUpgradeCheck = 1400;
				TargetAttributes = {
					7A35A62C28F4BA7300042423 = {
						CreatedOnToolsVersion = 14.0;
					};
					7A35A64228F4BA7600042423 = {
						CreatedOnToolsVersion = 14.0;
						TestTargetID = 7A35A62C28F4BA7300042423;
					};
					7A35A64C28F4BA7600042423 = {
						CreatedOnToolsVersion = 14.0;
						TestTargetID = 7A35A62C28F4BA7300042423;
					};
				};
			};
			buildConfigurationList = 7A35A62828F4BA7300042423 /* Build configuration list for PBXProject "WorldTrotter" */;
			compatibilityVersion = "Xcode 14.0";
			developmentRegion = en;
			hasScannedForEncodings = 0;
			knownRegions = (
				en,
				Base,
			);
			mainGroup = 7A35A62428F4BA7300042423;
			productRefGroup = 7A35A62E28F4BA7300042423 /* Products */;
			projectDirPath = "";
			projectRoot = "";
			targets = (
				7A35A62C28F4BA7300042423 /* WorldTrotter */,
				7A35A64228F4BA7600042423 /* WorldTrotterTests */,
				7A35A64C28F4BA7600042423 /* WorldTrotterUITests */,
			);
		};
/* End PBXProject section */

/* Begin PBXResourcesBuildPhase section */
		7A35A62B28F4BA7300042423 /* Resources */ = {
			isa = PBXResourcesBuildPhase;
			buildActionMask = 2147483647;
			files = (
				7A35A63D28F4BA7600042423 /* LaunchScreen.storyboard in Resources */,
				7A35A63A28F4BA7600042423 /* Assets.xcassets in Resources */,
				7A35A63828F4BA7400042423 /* Main.storyboard in Resources */,
			);
			runOnlyForDeploymentPostprocessing = 0;
		};
		7A35A64128F4BA7600042423 /* Resources */ = {
			isa = PBXResourcesBuildPhase;
			buildActionMask = 2147483647;
			files = (
			);
			runOnlyForDeploymentPostprocessing = 0;
		};
		7A35A64B28F4BA7600042423 /* Resources */ = {
			isa = PBXResourcesBuildPhase;
			buildActionMask = 2147483647;
			files = (
			);
			runOnlyForDeploymentPostprocessing = 0;
		};
/* End PBXResourcesBuildPhase section */

/* Begin PBXSourcesBuildPhase section */
		7A35A62928F4BA7300042423 /* Sources */ = {
			isa = PBXSourcesBuildPhase;
			buildActionMask = 2147483647;
			files = (
				7A35A63528F4BA7400042423 /* ConversionViewController.swift in Sources */,
				7A35A63128F4BA7400042423 /* AppDelegate.swift in Sources */,
				7A35A63328F4BA7400042423 /* SceneDelegate.swift in Sources */,
				7AA355D728F758EA0060C308 /* MapViewController.swift in Sources */,
			);
			runOnlyForDeploymentPostprocessing = 0;
		};
		7A35A63F28F4BA7600042423 /* Sources */ = {
			isa = PBXSourcesBuildPhase;
			buildActionMask = 2147483647;
			files = (
				7A35A64828F4BA7600042423 /* WorldTrotterTests.swift in Sources */,
			);
			runOnlyForDeploymentPostprocessing = 0;
		};
		7A35A64928F4BA7600042423 /* Sources */ = {
			isa = PBXSourcesBuildPhase;
			buildActionMask = 2147483647;
			files = (
				7A35A65428F4BA7600042423 /* WorldTrotterUITestsLaunchTests.swift in Sources */,
				7A35A65228F4BA7600042423 /* WorldTrotterUITests.swift in Sources */,
			);
			runOnlyForDeploymentPostprocessing = 0;
		};
/* End PBXSourcesBuildPhase section */

/* Begin PBXTargetDependency section */
		7A35A64528F4BA7600042423 /* PBXTargetDependency */ = {
			isa = PBXTargetDependency;
			target = 7A35A62C28F4BA7300042423 /* WorldTrotter */;
			targetProxy = 7A35A64428F4BA7600042423 /* PBXContainerItemProxy */;
		};
		7A35A64F28F4BA7600042423 /* PBXTargetDependency */ = {
			isa = PBXTargetDependency;
			target = 7A35A62C28F4BA7300042423 /* WorldTrotter */;
			targetProxy = 7A35A64E28F4BA7600042423 /* PBXContainerItemProxy */;
		};
/* End PBXTargetDependency section */

/* Begin PBXVariantGroup section */
		7A35A63628F4BA7400042423 /* Main.storyboard */ = {
			isa = PBXVariantGroup;
			children = (
				7A35A63728F4BA7400042423 /* Base */,
			);
			name = Main.storyboard;
			sourceTree = "<group>";
		};
		7A35A63B28F4BA7600042423 /* LaunchScreen.storyboard */ = {
			isa = PBXVariantGroup;
			children = (
				7A35A63C28F4BA7600042423 /* Base */,
			);
			name = LaunchScreen.storyboard;
			sourceTree = "<group>";
		};
/* End PBXVariantGroup section */

/* Begin XCBuildConfiguration section */
		7A35A65528F4BA7600042423 /* Debug */ = {
			isa = XCBuildConfiguration;
			buildSettings = {
				ALWAYS_SEARCH_USER_PATHS = NO;
				CLANG_ANALYZER_NONNULL = YES;
				CLANG_ANALYZER_NUMBER_OBJECT_CONVERSION = YES_AGGRESSIVE;
				CLANG_CXX_LANGUAGE_STANDARD = "gnu++20";
				CLANG_ENABLE_MODULES = YES;
				CLANG_ENABLE_OBJC_ARC = YES;
				CLANG_ENABLE_OBJC_WEAK = YES;
				CLANG_WARN_BLOCK_CAPTURE_AUTORELEASING = YES;
				CLANG_WARN_BOOL_CONVERSION = YES;
				CLANG_WARN_COMMA = YES;
				CLANG_WARN_CONSTANT_CONVERSION = YES;
				CLANG_WARN_DEPRECATED_OBJC_IMPLEMENTATIONS = YES;
				CLANG_WARN_DIRECT_OBJC_ISA_USAGE = YES_ERROR;
				CLANG_WARN_DOCUMENTATION_COMMENTS = YES;
				CLANG_WARN_EMPTY_BODY = YES;
				CLANG_WARN_ENUM_CONVERSION = YES;
				CLANG_WARN_INFINITE_RECURSION = YES;
				CLANG_WARN_INT_CONVERSION = YES;
				CLANG_WARN_NON_LITERAL_NULL_CONVERSION = YES;
				CLANG_WARN_OBJC_IMPLICIT_RETAIN_SELF = YES;
				CLANG_WARN_OBJC_LITERAL_CONVERSION = YES;
				CLANG_WARN_OBJC_ROOT_CLASS = YES_ERROR;
				CLANG_WARN_QUOTED_INCLUDE_IN_FRAMEWORK_HEADER = YES;
				CLANG_WARN_RANGE_LOOP_ANALYSIS = YES;
				CLANG_WARN_STRICT_PROTOTYPES = YES;
				CLANG_WARN_SUSPICIOUS_MOVE = YES;
				CLANG_WARN_UNGUARDED_AVAILABILITY = YES_AGGRESSIVE;
				CLANG_WARN_UNREACHABLE_CODE = YES;
				CLANG_WARN__DUPLICATE_METHOD_MATCH = YES;
				COPY_PHASE_STRIP = NO;
				DEBUG_INFORMATION_FORMAT = dwarf;
				ENABLE_STRICT_OBJC_MSGSEND = YES;
				ENABLE_TESTABILITY = YES;
				GCC_C_LANGUAGE_STANDARD = gnu11;
				GCC_DYNAMIC_NO_PIC = NO;
				GCC_NO_COMMON_BLOCKS = YES;
				GCC_OPTIMIZATION_LEVEL = 0;
				GCC_PREPROCESSOR_DEFINITIONS = (
					"DEBUG=1",
					"$(inherited)",
				);
				GCC_WARN_64_TO_32_BIT_CONVERSION = YES;
				GCC_WARN_ABOUT_RETURN_TYPE = YES_ERROR;
				GCC_WARN_UNDECLARED_SELECTOR = YES;
				GCC_WARN_UNINITIALIZED_AUTOS = YES_AGGRESSIVE;
				GCC_WARN_UNUSED_FUNCTION = YES;
				GCC_WARN_UNUSED_VARIABLE = YES;
				IPHONEOS_DEPLOYMENT_TARGET = 16.0;
				MTL_ENABLE_DEBUG_INFO = INCLUDE_SOURCE;
				MTL_FAST_MATH = YES;
				ONLY_ACTIVE_ARCH = YES;
				SDKROOT = iphoneos;
				SWIFT_ACTIVE_COMPILATION_CONDITIONS = DEBUG;
				SWIFT_OPTIMIZATION_LEVEL = "-Onone";
			};
			name = Debug;
		};
		7A35A65628F4BA7600042423 /* Release */ = {
			isa = XCBuildConfiguration;
			buildSettings = {
				ALWAYS_SEARCH_USER_PATHS = NO;
				CLANG_ANALYZER_NONNULL = YES;
				CLANG_ANALYZER_NUMBER_OBJECT_CONVERSION = YES_AGGRESSIVE;
				CLANG_CXX_LANGUAGE_STANDARD = "gnu++20";
				CLANG_ENABLE_MODULES = YES;
				CLANG_ENABLE_OBJC_ARC = YES;
				CLANG_ENABLE_OBJC_WEAK = YES;
				CLANG_WARN_BLOCK_CAPTURE_AUTORELEASING = YES;
				CLANG_WARN_BOOL_CONVERSION = YES;
				CLANG_WARN_COMMA = YES;
				CLANG_WARN_CONSTANT_CONVERSION = YES;
				CLANG_WARN_DEPRECATED_OBJC_IMPLEMENTATIONS = YES;
				CLANG_WARN_DIRECT_OBJC_ISA_USAGE = YES_ERROR;
				CLANG_WARN_DOCUMENTATION_COMMENTS = YES;
				CLANG_WARN_EMPTY_BODY = YES;
				CLANG_WARN_ENUM_CONVERSION = YES;
				CLANG_WARN_INFINITE_RECURSION = YES;
				CLANG_WARN_INT_CONVERSION = YES;
				CLANG_WARN_NON_LITERAL_NULL_CONVERSION = YES;
				CLANG_WARN_OBJC_IMPLICIT_RETAIN_SELF = YES;
				CLANG_WARN_OBJC_LITERAL_CONVERSION = YES;
				CLANG_WARN_OBJC_ROOT_CLASS = YES_ERROR;
				CLANG_WARN_QUOTED_INCLUDE_IN_FRAMEWORK_HEADER = YES;
				CLANG_WARN_RANGE_LOOP_ANALYSIS = YES;
				CLANG_WARN_STRICT_PROTOTYPES = YES;
				CLANG_WARN_SUSPICIOUS_MOVE = YES;
				CLANG_WARN_UNGUARDED_AVAILABILITY = YES_AGGRESSIVE;
				CLANG_WARN_UNREACHABLE_CODE = YES;
				CLANG_WARN__DUPLICATE_METHOD_MATCH = YES;
				COPY_PHASE_STRIP = NO;
				DEBUG_INFORMATION_FORMAT = "dwarf-with-dsym";
				ENABLE_NS_ASSERTIONS = NO;
				ENABLE_STRICT_OBJC_MSGSEND = YES;
				GCC_C_LANGUAGE_STANDARD = gnu11;
				GCC_NO_COMMON_BLOCKS = YES;
				GCC_WARN_64_TO_32_BIT_CONVERSION = YES;
				GCC_WARN_ABOUT_RETURN_TYPE = YES_ERROR;
				GCC_WARN_UNDECLARED_SELECTOR = YES;
				GCC_WARN_UNINITIALIZED_AUTOS = YES_AGGRESSIVE;
				GCC_WARN_UNUSED_FUNCTION = YES;
				GCC_WARN_UNUSED_VARIABLE = YES;
				IPHONEOS_DEPLOYMENT_TARGET = 16.0;
				MTL_ENABLE_DEBUG_INFO = NO;
				MTL_FAST_MATH = YES;
				SDKROOT = iphoneos;
				SWIFT_COMPILATION_MODE = wholemodule;
				SWIFT_OPTIMIZATION_LEVEL = "-O";
				VALIDATE_PRODUCT = YES;
			};
			name = Release;
		};
		7A35A65828F4BA7600042423 /* Debug */ = {
			isa = XCBuildConfiguration;
			buildSettings = {
				ASSETCATALOG_COMPILER_APPICON_NAME = AppIcon;
				ASSETCATALOG_COMPILER_GLOBAL_ACCENT_COLOR_NAME = AccentColor;
				CODE_SIGN_STYLE = Automatic;
				CURRENT_PROJECT_VERSION = 1;
				GENERATE_INFOPLIST_FILE = YES;
				INFOPLIST_FILE = WorldTrotter/Info.plist;
				INFOPLIST_KEY_UIApplicationSupportsIndirectInputEvents = YES;
				INFOPLIST_KEY_UILaunchStoryboardName = LaunchScreen;
				INFOPLIST_KEY_UIMainStoryboardFile = Main;
				INFOPLIST_KEY_UISupportedInterfaceOrientations_iPad = "UIInterfaceOrientationPortrait UIInterfaceOrientationPortraitUpsideDown UIInterfaceOrientationLandscapeLeft UIInterfaceOrientationLandscapeRight";
				INFOPLIST_KEY_UISupportedInterfaceOrientations_iPhone = "UIInterfaceOrientationPortrait UIInterfaceOrientationLandscapeLeft UIInterfaceOrientationLandscapeRight";
				LD_RUNPATH_SEARCH_PATHS = (
					"$(inherited)",
					"@executable_path/Frameworks",
				);
				MARKETING_VERSION = 1.0;
				PRODUCT_BUNDLE_IDENTIFIER = BlubApps.WorldTrotter;
				PRODUCT_NAME = "$(TARGET_NAME)";
				SWIFT_EMIT_LOC_STRINGS = YES;
				SWIFT_VERSION = 5.0;
				TARGETED_DEVICE_FAMILY = "1,2";
			};
			name = Debug;
		};
		7A35A65928F4BA7600042423 /* Release */ = {
			isa = XCBuildConfiguration;
			buildSettings = {
				ASSETCATALOG_COMPILER_APPICON_NAME = AppIcon;
				ASSETCATALOG_COMPILER_GLOBAL_ACCENT_COLOR_NAME = AccentColor;
				CODE_SIGN_STYLE = Automatic;
				CURRENT_PROJECT_VERSION = 1;
				GENERATE_INFOPLIST_FILE = YES;
				INFOPLIST_FILE = WorldTrotter/Info.plist;
				INFOPLIST_KEY_UIApplicationSupportsIndirectInputEvents = YES;
				INFOPLIST_KEY_UILaunchStoryboardName = LaunchScreen;
				INFOPLIST_KEY_UIMainStoryboardFile = Main;
				INFOPLIST_KEY_UISupportedInterfaceOrientations_iPad = "UIInterfaceOrientationPortrait UIInterfaceOrientationPortraitUpsideDown UIInterfaceOrientationLandscapeLeft UIInterfaceOrientationLandscapeRight";
				INFOPLIST_KEY_UISupportedInterfaceOrientations_iPhone = "UIInterfaceOrientationPortrait UIInterfaceOrientationLandscapeLeft UIInterfaceOrientationLandscapeRight";
				LD_RUNPATH_SEARCH_PATHS = (
					"$(inherited)",
					"@executable_path/Frameworks",
				);
				MARKETING_VERSION = 1.0;
				PRODUCT_BUNDLE_IDENTIFIER = BlubApps.WorldTrotter;
				PRODUCT_NAME = "$(TARGET_NAME)";
				SWIFT_EMIT_LOC_STRINGS = YES;
				SWIFT_VERSION = 5.0;
				TARGETED_DEVICE_FAMILY = "1,2";
			};
			name = Release;
		};
		7A35A65B28F4BA7600042423 /* Debug */ = {
			isa = XCBuildConfiguration;
			buildSettings = {
				ALWAYS_EMBED_SWIFT_STANDARD_LIBRARIES = YES;
				BUNDLE_LOADER = "$(TEST_HOST)";
				CODE_SIGN_STYLE = Automatic;
				CURRENT_PROJECT_VERSION = 1;
				GENERATE_INFOPLIST_FILE = YES;
				IPHONEOS_DEPLOYMENT_TARGET = 16.0;
				MARKETING_VERSION = 1.0;
				PRODUCT_BUNDLE_IDENTIFIER = BlubApps.WorldTrotterTests;
				PRODUCT_NAME = "$(TARGET_NAME)";
				SWIFT_EMIT_LOC_STRINGS = NO;
				SWIFT_VERSION = 5.0;
				TARGETED_DEVICE_FAMILY = "1,2";
				TEST_HOST = "$(BUILT_PRODUCTS_DIR)/WorldTrotter.app/$(BUNDLE_EXECUTABLE_FOLDER_PATH)/WorldTrotter";
			};
			name = Debug;
		};
		7A35A65C28F4BA7600042423 /* Release */ = {
			isa = XCBuildConfiguration;
			buildSettings = {
				ALWAYS_EMBED_SWIFT_STANDARD_LIBRARIES = YES;
				BUNDLE_LOADER = "$(TEST_HOST)";
				CODE_SIGN_STYLE = Automatic;
				CURRENT_PROJECT_VERSION = 1;
				GENERATE_INFOPLIST_FILE = YES;
				IPHONEOS_DEPLOYMENT_TARGET = 16.0;
				MARKETING_VERSION = 1.0;
				PRODUCT_BUNDLE_IDENTIFIER = BlubApps.WorldTrotterTests;
				PRODUCT_NAME = "$(TARGET_NAME)";
				SWIFT_EMIT_LOC_STRINGS = NO;
				SWIFT_VERSION = 5.0;
				TARGETED_DEVICE_FAMILY = "1,2";
				TEST_HOST = "$(BUILT_PRODUCTS_DIR)/WorldTrotter.app/$(BUNDLE_EXECUTABLE_FOLDER_PATH)/WorldTrotter";
			};
			name = Release;
		};
		7A35A65E28F4BA7600042423 /* Debug */ = {
			isa = XCBuildConfiguration;
			buildSettings = {
				ALWAYS_EMBED_SWIFT_STANDARD_LIBRARIES = YES;
				CODE_SIGN_STYLE = Automatic;
				CURRENT_PROJECT_VERSION = 1;
				GENERATE_INFOPLIST_FILE = YES;
				MARKETING_VERSION = 1.0;
				PRODUCT_BUNDLE_IDENTIFIER = BlubApps.WorldTrotterUITests;
				PRODUCT_NAME = "$(TARGET_NAME)";
				SWIFT_EMIT_LOC_STRINGS = NO;
				SWIFT_VERSION = 5.0;
				TARGETED_DEVICE_FAMILY = "1,2";
				TEST_TARGET_NAME = WorldTrotter;
			};
			name = Debug;
		};
		7A35A65F28F4BA7600042423 /* Release */ = {
			isa = XCBuildConfiguration;
			buildSettings = {
				ALWAYS_EMBED_SWIFT_STANDARD_LIBRARIES = YES;
				CODE_SIGN_STYLE = Automatic;
				CURRENT_PROJECT_VERSION = 1;
				GENERATE_INFOPLIST_FILE = YES;
				MARKETING_VERSION = 1.0;
				PRODUCT_BUNDLE_IDENTIFIER = BlubApps.WorldTrotterUITests;
				PRODUCT_NAME = "$(TARGET_NAME)";
				SWIFT_EMIT_LOC_STRINGS = NO;
				SWIFT_VERSION = 5.0;
				TARGETED_DEVICE_FAMILY = "1,2";
				TEST_TARGET_NAME = WorldTrotter;
			};
			name = Release;
		};
/* End XCBuildConfiguration section */

/* Begin XCConfigurationList section */
		7A35A62828F4BA7300042423 /* Build configuration list for PBXProject "WorldTrotter" */ = {
			isa = XCConfigurationList;
			buildConfigurations = (
				7A35A65528F4BA7600042423 /* Debug */,
				7A35A65628F4BA7600042423 /* Release */,
			);
			defaultConfigurationIsVisible = 0;
			defaultConfigurationName = Release;
		};
		7A35A65728F4BA7600042423 /* Build configuration list for PBXNativeTarget "WorldTrotter" */ = {
			isa = XCConfigurationList;
			buildConfigurations = (
				7A35A65828F4BA7600042423 /* Debug */,
				7A35A65928F4BA7600042423 /* Release */,
			);
			defaultConfigurationIsVisible = 0;
			defaultConfigurationName = Release;
		};
		7A35A65A28F4BA7600042423 /* Build configuration list for PBXNativeTarget "WorldTrotterTests" */ = {
			isa = XCConfigurationList;
			buildConfigurations = (
				7A35A65B28F4BA7600042423 /* Debug */,
				7A35A65C28F4BA7600042423 /* Release */,
			);
			defaultConfigurationIsVisible = 0;
			defaultConfigurationName = Release;
		};
		7A35A65D28F4BA7600042423 /* Build configuration list for PBXNativeTarget "WorldTrotterUITests" */ = {
			isa = XCConfigurationList;
			buildConfigurations = (
				7A35A65E28F4BA7600042423 /* Debug */,
				7A35A65F28F4BA7600042423 /* Release */,
			);
			defaultConfigurationIsVisible = 0;
			defaultConfigurationName = Release;
		};
/* End XCConfigurationList section */
	};
	rootObject = 7A35A62528F4BA7300042423 /* Project object */;
}
