// !$*UTF8*$!
{
	archiveVersion = 1;
	classes = {
	};
	objectVersion = 56;
	objects = {

/* Begin PBXBuildFile section */
		7A1F6C1328EB7A550057B9A0 /* DetailViewControl.m in Sources */ = {isa = PBXBuildFile; fileRef = 7A1F6C1128EB7A550057B9A0 /* DetailViewControl.m */; };
		7A1F6C1428EB7A550057B9A0 /* DetailViewControl.xib in Resources */ = {isa = PBXBuildFile; fileRef = 7A1F6C1228EB7A550057B9A0 /* DetailViewControl.xib */; };
		7A81254B28DD10FD00FDBFB0 /* AddDrinkViewController.m in Sources */ = {isa = PBXBuildFile; fileRef = 7A81254A28DD10FD00FDBFB0 /* AddDrinkViewController.m */; };
		7AF352EF28DBAB8B001AB6C8 /* AppDelegate.m in Sources */ = {isa = PBXBuildFile; fileRef = 7AF352EE28DBAB8B001AB6C8 /* AppDelegate.m */; };
		7AF352F228DBAB8B001AB6C8 /* SceneDelegate.m in Sources */ = {isa = PBXBuildFile; fileRef = 7AF352F128DBAB8B001AB6C8 /* SceneDelegate.m */; };
		7AF352F528DBAB8B001AB6C8 /* ViewController.m in Sources */ = {isa = PBXBuildFile; fileRef = 7AF352F428DBAB8B001AB6C8 /* ViewController.m */; };
		7AF352F828DBAB8B001AB6C8 /* Main.storyboard in Resources */ = {isa = PBXBuildFile; fileRef = 7AF352F628DBAB8B001AB6C8 /* Main.storyboard */; };
		7AF352FA28DBAB8D001AB6C8 /* Assets.xcassets in Resources */ = {isa = PBXBuildFile; fileRef = 7AF352F928DBAB8D001AB6C8 /* Assets.xcassets */; };
		7AF352FD28DBAB8D001AB6C8 /* LaunchScreen.storyboard in Resources */ = {isa = PBXBuildFile; fileRef = 7AF352FB28DBAB8D001AB6C8 /* LaunchScreen.storyboard */; };
		7AF3530028DBAB8D001AB6C8 /* main.m in Sources */ = {isa = PBXBuildFile; fileRef = 7AF352FF28DBAB8D001AB6C8 /* main.m */; };
		7AF3530A28DBAB8E001AB6C8 /* throwthrowawayTests.m in Sources */ = {isa = PBXBuildFile; fileRef = 7AF3530928DBAB8E001AB6C8 /* throwthrowawayTests.m */; };
		7AF3531428DBAB8E001AB6C8 /* throwthrowawayUITests.m in Sources */ = {isa = PBXBuildFile; fileRef = 7AF3531328DBAB8E001AB6C8 /* throwthrowawayUITests.m */; };
		7AF3531628DBAB8E001AB6C8 /* throwthrowawayUITestsLaunchTests.m in Sources */ = {isa = PBXBuildFile; fileRef = 7AF3531528DBAB8E001AB6C8 /* throwthrowawayUITestsLaunchTests.m */; };
		7AF3532528DBB2C7001AB6C8 /* DrinkArray.plist in Resources */ = {isa = PBXBuildFile; fileRef = 7AF3532228DBB2C7001AB6C8 /* DrinkArray.plist */; };
		7AF3532628DBB2C7001AB6C8 /* DrinkDirections.plist in Resources */ = {isa = PBXBuildFile; fileRef = 7AF3532428DBB2C7001AB6C8 /* DrinkDirections.plist */; };
		7AF3532928DBB5CE001AB6C8 /* DetailViewController.m in Sources */ = {isa = PBXBuildFile; fileRef = 7AF3532828DBB5CE001AB6C8 /* DetailViewController.m */; };
/* End PBXBuildFile section */

/* Begin PBXContainerItemProxy section */
		7AF3530628DBAB8E001AB6C8 /* PBXContainerItemProxy */ = {
			isa = PBXContainerItemProxy;
			containerPortal = 7AF352E228DBAB8B001AB6C8 /* Project object */;
			proxyType = 1;
			remoteGlobalIDString = 7AF352E928DBAB8B001AB6C8;
			remoteInfo = throwthrowaway;
		};
		7AF3531028DBAB8E001AB6C8 /* PBXContainerItemProxy */ = {
			isa = PBXContainerItemProxy;
			containerPortal = 7AF352E228DBAB8B001AB6C8 /* Project object */;
			proxyType = 1;
			remoteGlobalIDString = 7AF352E928DBAB8B001AB6C8;
			remoteInfo = throwthrowaway;
		};
/* End PBXContainerItemProxy section */

/* Begin PBXFileReference section */
		7A1F6C1028EB7A550057B9A0 /* DetailViewControl.h */ = {isa = PBXFileReference; lastKnownFileType = sourcecode.c.h; path = DetailViewControl.h; sourceTree = "<group>"; };
		7A1F6C1128EB7A550057B9A0 /* DetailViewControl.m */ = {isa = PBXFileReference; lastKnownFileType = sourcecode.c.objc; path = DetailViewControl.m; sourceTree = "<group>"; };
		7A1F6C1228EB7A550057B9A0 /* DetailViewControl.xib */ = {isa = PBXFileReference; lastKnownFileType = file.xib; path = DetailViewControl.xib; sourceTree = "<group>"; };
		7A81254928DD10FD00FDBFB0 /* AddDrinkViewController.h */ = {isa = PBXFileReference; fileEncoding = 4; lastKnownFileType = sourcecode.c.h; path = AddDrinkViewController.h; sourceTree = "<group>"; };
		7A81254A28DD10FD00FDBFB0 /* AddDrinkViewController.m */ = {isa = PBXFileReference; fileEncoding = 4; lastKnownFileType = sourcecode.c.objc; path = AddDrinkViewController.m; sourceTree = "<group>"; };
		7AF352EA28DBAB8B001AB6C8 /* DrinksMixer.app */ = {isa = PBXFileReference; explicitFileType = wrapper.application; includeInIndex = 0; path = DrinksMixer.app; sourceTree = BUILT_PRODUCTS_DIR; };
		7AF352ED28DBAB8B001AB6C8 /* AppDelegate.h */ = {isa = PBXFileReference; lastKnownFileType = sourcecode.c.h; path = AppDelegate.h; sourceTree = "<group>"; };
		7AF352EE28DBAB8B001AB6C8 /* AppDelegate.m */ = {isa = PBXFileReference; lastKnownFileType = sourcecode.c.objc; path = AppDelegate.m; sourceTree = "<group>"; };
		7AF352F028DBAB8B001AB6C8 /* SceneDelegate.h */ = {isa = PBXFileReference; lastKnownFileType = sourcecode.c.h; path = SceneDelegate.h; sourceTree = "<group>"; };
		7AF352F128DBAB8B001AB6C8 /* SceneDelegate.m */ = {isa = PBXFileReference; lastKnownFileType = sourcecode.c.objc; path = SceneDelegate.m; sourceTree = "<group>"; };
		7AF352F328DBAB8B001AB6C8 /* ViewController.h */ = {isa = PBXFileReference; lastKnownFileType = sourcecode.c.h; name = ViewController.h; path = throwthrowaway/ViewController.h; sourceTree = SOURCE_ROOT; };
		7AF352F428DBAB8B001AB6C8 /* ViewController.m */ = {isa = PBXFileReference; lastKnownFileType = sourcecode.c.objc; name = ViewController.m; path = throwthrowaway/ViewController.m; sourceTree = SOURCE_ROOT; };
		7AF352F728DBAB8B001AB6C8 /* Base */ = {isa = PBXFileReference; lastKnownFileType = file.storyboard; name = Base; path = Base.lproj/Main.storyboard; sourceTree = "<group>"; };
		7AF352F928DBAB8D001AB6C8 /* Assets.xcassets */ = {isa = PBXFileReference; lastKnownFileType = folder.assetcatalog; name = Assets.xcassets; path = throwthrowaway/Assets.xcassets; sourceTree = SOURCE_ROOT; };
		7AF352FC28DBAB8D001AB6C8 /* Base */ = {isa = PBXFileReference; lastKnownFileType = file.storyboard; name = Base; path = Base.lproj/LaunchScreen.storyboard; sourceTree = "<group>"; };
		7AF352FE28DBAB8D001AB6C8 /* Info.plist */ = {isa = PBXFileReference; lastKnownFileType = text.plist.xml; path = Info.plist; sourceTree = "<group>"; };
		7AF352FF28DBAB8D001AB6C8 /* main.m */ = {isa = PBXFileReference; lastKnownFileType = sourcecode.c.objc; name = main.m; path = throwthrowaway/main.m; sourceTree = SOURCE_ROOT; };
		7AF3530528DBAB8E001AB6C8 /* DrinksMixerTests.xctest */ = {isa = PBXFileReference; explicitFileType = wrapper.cfbundle; includeInIndex = 0; path = DrinksMixerTests.xctest; sourceTree = BUILT_PRODUCTS_DIR; };
		7AF3530928DBAB8E001AB6C8 /* throwthrowawayTests.m */ = {isa = PBXFileReference; lastKnownFileType = sourcecode.c.objc; path = throwthrowawayTests.m; sourceTree = "<group>"; };
		7AF3530F28DBAB8E001AB6C8 /* DrinksMixerUITests.xctest */ = {isa = PBXFileReference; explicitFileType = wrapper.cfbundle; includeInIndex = 0; path = DrinksMixerUITests.xctest; sourceTree = BUILT_PRODUCTS_DIR; };
		7AF3531328DBAB8E001AB6C8 /* throwthrowawayUITests.m */ = {isa = PBXFileReference; lastKnownFileType = sourcecode.c.objc; path = throwthrowawayUITests.m; sourceTree = "<group>"; };
		7AF3531528DBAB8E001AB6C8 /* throwthrowawayUITestsLaunchTests.m */ = {isa = PBXFileReference; lastKnownFileType = sourcecode.c.objc; path = throwthrowawayUITestsLaunchTests.m; sourceTree = "<group>"; };
		7AF3532228DBB2C7001AB6C8 /* DrinkArray.plist */ = {isa = PBXFileReference; fileEncoding = 4; lastKnownFileType = text.plist.xml; path = DrinkArray.plist; sourceTree = "<group>"; };
		7AF3532328DBB2C7001AB6C8 /* DrinkConstants.h */ = {isa = PBXFileReference; fileEncoding = 4; lastKnownFileType = sourcecode.c.h; path = DrinkConstants.h; sourceTree = "<group>"; };
		7AF3532428DBB2C7001AB6C8 /* DrinkDirections.plist */ = {isa = PBXFileReference; fileEncoding = 4; lastKnownFileType = text.plist.xml; path = DrinkDirections.plist; sourceTree = "<group>"; };
		7AF3532728DBB589001AB6C8 /* DetailViewController.h */ = {isa = PBXFileReference; lastKnownFileType = sourcecode.c.h; name = DetailViewController.h; path = throwthrowaway/DetailViewController.h; sourceTree = SOURCE_ROOT; };
		7AF3532828DBB5CE001AB6C8 /* DetailViewController.m */ = {isa = PBXFileReference; lastKnownFileType = sourcecode.c.objc; name = DetailViewController.m; path = throwthrowaway/DetailViewController.m; sourceTree = SOURCE_ROOT; };
/* End PBXFileReference section */

/* Begin PBXFrameworksBuildPhase section */
		7AF352E728DBAB8B001AB6C8 /* Frameworks */ = {
			isa = PBXFrameworksBuildPhase;
			buildActionMask = 2147483647;
			files = (
			);
			runOnlyForDeploymentPostprocessing = 0;
		};
		7AF3530228DBAB8E001AB6C8 /* Frameworks */ = {
			isa = PBXFrameworksBuildPhase;
			buildActionMask = 2147483647;
			files = (
			);
			runOnlyForDeploymentPostprocessing = 0;
		};
		7AF3530C28DBAB8E001AB6C8 /* Frameworks */ = {
			isa = PBXFrameworksBuildPhase;
			buildActionMask = 2147483647;
			files = (
			);
			runOnlyForDeploymentPostprocessing = 0;
		};
/* End PBXFrameworksBuildPhase section */

/* Begin PBXGroup section */
		7AF352E128DBAB8B001AB6C8 = {
			isa = PBXGroup;
			children = (
				7AF352EC28DBAB8B001AB6C8 /* throwthrowaway */,
				7AF3530828DBAB8E001AB6C8 /* throwthrowawayTests */,
				7AF3531228DBAB8E001AB6C8 /* throwthrowawayUITests */,
				7AF352EB28DBAB8B001AB6C8 /* Products */,
			);
			sourceTree = "<group>";
		};
		7AF352EB28DBAB8B001AB6C8 /* Products */ = {
			isa = PBXGroup;
			children = (
				7AF352EA28DBAB8B001AB6C8 /* DrinksMixer.app */,
				7AF3530528DBAB8E001AB6C8 /* DrinksMixerTests.xctest */,
				7AF3530F28DBAB8E001AB6C8 /* DrinksMixerUITests.xctest */,
			);
			name = Products;
			sourceTree = "<group>";
		};
		7AF352EC28DBAB8B001AB6C8 /* throwthrowaway */ = {
			isa = PBXGroup;
			children = (
				7A81254928DD10FD00FDBFB0 /* AddDrinkViewController.h */,
				7A81254A28DD10FD00FDBFB0 /* AddDrinkViewController.m */,
				7AF3532328DBB2C7001AB6C8 /* DrinkConstants.h */,
				7AF3532228DBB2C7001AB6C8 /* DrinkArray.plist */,
				7AF3532428DBB2C7001AB6C8 /* DrinkDirections.plist */,
				7AF352ED28DBAB8B001AB6C8 /* AppDelegate.h */,
				7AF352EE28DBAB8B001AB6C8 /* AppDelegate.m */,
				7AF352F028DBAB8B001AB6C8 /* SceneDelegate.h */,
				7AF352F128DBAB8B001AB6C8 /* SceneDelegate.m */,
				7AF352F328DBAB8B001AB6C8 /* ViewController.h */,
				7AF352F428DBAB8B001AB6C8 /* ViewController.m */,
				7A1F6C1028EB7A550057B9A0 /* DetailViewControl.h */,
				7A1F6C1128EB7A550057B9A0 /* DetailViewControl.m */,
				7A1F6C1228EB7A550057B9A0 /* DetailViewControl.xib */,
				7AF352F628DBAB8B001AB6C8 /* Main.storyboard */,
				7AF352F928DBAB8D001AB6C8 /* Assets.xcassets */,
				7AF352FB28DBAB8D001AB6C8 /* LaunchScreen.storyboard */,
				7AF352FE28DBAB8D001AB6C8 /* Info.plist */,
				7AF352FF28DBAB8D001AB6C8 /* main.m */,
				7AF3532728DBB589001AB6C8 /* DetailViewController.h */,
				7AF3532828DBB5CE001AB6C8 /* DetailViewController.m */,
			);
			path = throwthrowaway;
			sourceTree = "<group>";
		};
		7AF3530828DBAB8E001AB6C8 /* throwthrowawayTests */ = {
			isa = PBXGroup;
			children = (
				7AF3530928DBAB8E001AB6C8 /* throwthrowawayTests.m */,
			);
			path = throwthrowawayTests;
			sourceTree = "<group>";
		};
		7AF3531228DBAB8E001AB6C8 /* throwthrowawayUITests */ = {
			isa = PBXGroup;
			children = (
				7AF3531328DBAB8E001AB6C8 /* throwthrowawayUITests.m */,
				7AF3531528DBAB8E001AB6C8 /* throwthrowawayUITestsLaunchTests.m */,
			);
			path = throwthrowawayUITests;
			sourceTree = "<group>";
		};
/* End PBXGroup section */

/* Begin PBXNativeTarget section */
		7AF352E928DBAB8B001AB6C8 /* DrinksMixer */ = {
			isa = PBXNativeTarget;
			buildConfigurationList = 7AF3531928DBAB8E001AB6C8 /* Build configuration list for PBXNativeTarget "DrinksMixer" */;
			buildPhases = (
				7AF352E628DBAB8B001AB6C8 /* Sources */,
				7AF352E728DBAB8B001AB6C8 /* Frameworks */,
				7AF352E828DBAB8B001AB6C8 /* Resources */,
			);
			buildRules = (
			);
			dependencies = (
			);
			name = DrinksMixer;
			productName = throwthrowaway;
			productReference = 7AF352EA28DBAB8B001AB6C8 /* DrinksMixer.app */;
			productType = "com.apple.product-type.application";
		};
		7AF3530428DBAB8E001AB6C8 /* DrinksMixerTests */ = {
			isa = PBXNativeTarget;
			buildConfigurationList = 7AF3531C28DBAB8E001AB6C8 /* Build configuration list for PBXNativeTarget "DrinksMixerTests" */;
			buildPhases = (
				7AF3530128DBAB8E001AB6C8 /* Sources */,
				7AF3530228DBAB8E001AB6C8 /* Frameworks */,
				7AF3530328DBAB8E001AB6C8 /* Resources */,
			);
			buildRules = (
			);
			dependencies = (
				7AF3530728DBAB8E001AB6C8 /* PBXTargetDependency */,
			);
			name = DrinksMixerTests;
			productName = throwthrowawayTests;
			productReference = 7AF3530528DBAB8E001AB6C8 /* DrinksMixerTests.xctest */;
			productType = "com.apple.product-type.bundle.unit-test";
		};
		7AF3530E28DBAB8E001AB6C8 /* DrinksMixerUITests */ = {
			isa = PBXNativeTarget;
			buildConfigurationList = 7AF3531F28DBAB8E001AB6C8 /* Build configuration list for PBXNativeTarget "DrinksMixerUITests" */;
			buildPhases = (
				7AF3530B28DBAB8E001AB6C8 /* Sources */,
				7AF3530C28DBAB8E001AB6C8 /* Frameworks */,
				7AF3530D28DBAB8E001AB6C8 /* Resources */,
			);
			buildRules = (
			);
			dependencies = (
				7AF3531128DBAB8E001AB6C8 /* PBXTargetDependency */,
			);
			name = DrinksMixerUITests;
			productName = throwthrowawayUITests;
			productReference = 7AF3530F28DBAB8E001AB6C8 /* DrinksMixerUITests.xctest */;
			productType = "com.apple.product-type.bundle.ui-testing";
		};
/* End PBXNativeTarget section */

/* Begin PBXProject section */
		7AF352E228DBAB8B001AB6C8 /* Project object */ = {
			isa = PBXProject;
			attributes = {
				BuildIndependentTargetsInParallel = 1;
				LastUpgradeCheck = 1400;
				TargetAttributes = {
					7AF352E928DBAB8B001AB6C8 = {
						CreatedOnToolsVersion = 14.0;
					};
					7AF3530428DBAB8E001AB6C8 = {
						CreatedOnToolsVersion = 14.0;
						TestTargetID = 7AF352E928DBAB8B001AB6C8;
					};
					7AF3530E28DBAB8E001AB6C8 = {
						CreatedOnToolsVersion = 14.0;
						TestTargetID = 7AF352E928DBAB8B001AB6C8;
					};
				};
			};
			buildConfigurationList = 7AF352E528DBAB8B001AB6C8 /* Build configuration list for PBXProject "DrinksMixer" */;
			compatibilityVersion = "Xcode 14.0";
			developmentRegion = en;
			hasScannedForEncodings = 0;
			knownRegions = (
				en,
				Base,
			);
			mainGroup = 7AF352E128DBAB8B001AB6C8;
			productRefGroup = 7AF352EB28DBAB8B001AB6C8 /* Products */;
			projectDirPath = "";
			projectRoot = "";
			targets = (
				7AF352E928DBAB8B001AB6C8 /* DrinksMixer */,
				7AF3530428DBAB8E001AB6C8 /* DrinksMixerTests */,
				7AF3530E28DBAB8E001AB6C8 /* DrinksMixerUITests */,
			);
		};
/* End PBXProject section */

/* Begin PBXResourcesBuildPhase section */
		7AF352E828DBAB8B001AB6C8 /* Resources */ = {
			isa = PBXResourcesBuildPhase;
			buildActionMask = 2147483647;
			files = (
				7AF352FD28DBAB8D001AB6C8 /* LaunchScreen.storyboard in Resources */,
				7AF3532528DBB2C7001AB6C8 /* DrinkArray.plist in Resources */,
				7AF352FA28DBAB8D001AB6C8 /* Assets.xcassets in Resources */,
				7AF3532628DBB2C7001AB6C8 /* DrinkDirections.plist in Resources */,
				7A1F6C1428EB7A550057B9A0 /* DetailViewControl.xib in Resources */,
				7AF352F828DBAB8B001AB6C8 /* Main.storyboard in Resources */,
			);
			runOnlyForDeploymentPostprocessing = 0;
		};
		7AF3530328DBAB8E001AB6C8 /* Resources */ = {
			isa = PBXResourcesBuildPhase;
			buildActionMask = 2147483647;
			files = (
			);
			runOnlyForDeploymentPostprocessing = 0;
		};
		7AF3530D28DBAB8E001AB6C8 /* Resources */ = {
			isa = PBXResourcesBuildPhase;
			buildActionMask = 2147483647;
			files = (
			);
			runOnlyForDeploymentPostprocessing = 0;
		};
/* End PBXResourcesBuildPhase section */

/* Begin PBXSourcesBuildPhase section */
		7AF352E628DBAB8B001AB6C8 /* Sources */ = {
			isa = PBXSourcesBuildPhase;
			buildActionMask = 2147483647;
			files = (
				7AF3532928DBB5CE001AB6C8 /* DetailViewController.m in Sources */,
				7A81254B28DD10FD00FDBFB0 /* AddDrinkViewController.m in Sources */,
				7AF352F528DBAB8B001AB6C8 /* ViewController.m in Sources */,
				7AF352EF28DBAB8B001AB6C8 /* AppDelegate.m in Sources */,
				7AF3530028DBAB8D001AB6C8 /* main.m in Sources */,
				7A1F6C1328EB7A550057B9A0 /* DetailViewControl.m in Sources */,
				7AF352F228DBAB8B001AB6C8 /* SceneDelegate.m in Sources */,
			);
			runOnlyForDeploymentPostprocessing = 0;
		};
		7AF3530128DBAB8E001AB6C8 /* Sources */ = {
			isa = PBXSourcesBuildPhase;
			buildActionMask = 2147483647;
			files = (
				7AF3530A28DBAB8E001AB6C8 /* throwthrowawayTests.m in Sources */,
			);
			runOnlyForDeploymentPostprocessing = 0;
		};
		7AF3530B28DBAB8E001AB6C8 /* Sources */ = {
			isa = PBXSourcesBuildPhase;
			buildActionMask = 2147483647;
			files = (
				7AF3531628DBAB8E001AB6C8 /* throwthrowawayUITestsLaunchTests.m in Sources */,
				7AF3531428DBAB8E001AB6C8 /* throwthrowawayUITests.m in Sources */,
			);
			runOnlyForDeploymentPostprocessing = 0;
		};
/* End PBXSourcesBuildPhase section */

/* Begin PBXTargetDependency section */
		7AF3530728DBAB8E001AB6C8 /* PBXTargetDependency */ = {
			isa = PBXTargetDependency;
			target = 7AF352E928DBAB8B001AB6C8 /* DrinksMixer */;
			targetProxy = 7AF3530628DBAB8E001AB6C8 /* PBXContainerItemProxy */;
		};
		7AF3531128DBAB8E001AB6C8 /* PBXTargetDependency */ = {
			isa = PBXTargetDependency;
			target = 7AF352E928DBAB8B001AB6C8 /* DrinksMixer */;
			targetProxy = 7AF3531028DBAB8E001AB6C8 /* PBXContainerItemProxy */;
		};
/* End PBXTargetDependency section */

/* Begin PBXVariantGroup section */
		7AF352F628DBAB8B001AB6C8 /* Main.storyboard */ = {
			isa = PBXVariantGroup;
			children = (
				7AF352F728DBAB8B001AB6C8 /* Base */,
			);
			name = Main.storyboard;
			sourceTree = "<group>";
		};
		7AF352FB28DBAB8D001AB6C8 /* LaunchScreen.storyboard */ = {
			isa = PBXVariantGroup;
			children = (
				7AF352FC28DBAB8D001AB6C8 /* Base */,
			);
			name = LaunchScreen.storyboard;
			sourceTree = "<group>";
		};
/* End PBXVariantGroup section */

/* Begin XCBuildConfiguration section */
		7AF3531728DBAB8E001AB6C8 /* Debug */ = {
			isa = XCBuildConfiguration;
			buildSettings = {
				ALWAYS_SEARCH_USER_PATHS = NO;
				CLANG_ANALYZER_NONNULL = YES;
				CLANG_ANALYZER_NUMBER_OBJECT_CONVERSION = YES_AGGRESSIVE;
				CLANG_CXX_LANGUAGE_STANDARD = "gnu++20";
				CLANG_ENABLE_MODULES = YES;
				CLANG_ENABLE_OBJC_ARC = YES;
				CLANG_ENABLE_OBJC_WEAK = YES;
				CLANG_WARN_BLOCK_CAPTURE_AUTORELEASING = YES;
				CLANG_WARN_BOOL_CONVERSION = YES;
				CLANG_WARN_COMMA = YES;
				CLANG_WARN_CONSTANT_CONVERSION = YES;
				CLANG_WARN_DEPRECATED_OBJC_IMPLEMENTATIONS = YES;
				CLANG_WARN_DIRECT_OBJC_ISA_USAGE = YES_ERROR;
				CLANG_WARN_DOCUMENTATION_COMMENTS = YES;
				CLANG_WARN_EMPTY_BODY = YES;
				CLANG_WARN_ENUM_CONVERSION = YES;
				CLANG_WARN_INFINITE_RECURSION = YES;
				CLANG_WARN_INT_CONVERSION = YES;
				CLANG_WARN_NON_LITERAL_NULL_CONVERSION = YES;
				CLANG_WARN_OBJC_IMPLICIT_RETAIN_SELF = YES;
				CLANG_WARN_OBJC_LITERAL_CONVERSION = YES;
				CLANG_WARN_OBJC_ROOT_CLASS = YES_ERROR;
				CLANG_WARN_QUOTED_INCLUDE_IN_FRAMEWORK_HEADER = YES;
				CLANG_WARN_RANGE_LOOP_ANALYSIS = YES;
				CLANG_WARN_STRICT_PROTOTYPES = YES;
				CLANG_WARN_SUSPICIOUS_MOVE = YES;
				CLANG_WARN_UNGUARDED_AVAILABILITY = YES_AGGRESSIVE;
				CLANG_WARN_UNREACHABLE_CODE = YES;
				CLANG_WARN__DUPLICATE_METHOD_MATCH = YES;
				COPY_PHASE_STRIP = NO;
				DEBUG_INFORMATION_FORMAT = dwarf;
				ENABLE_STRICT_OBJC_MSGSEND = YES;
				ENABLE_TESTABILITY = YES;
				GCC_C_LANGUAGE_STANDARD = gnu11;
				GCC_DYNAMIC_NO_PIC = NO;
				GCC_NO_COMMON_BLOCKS = YES;
				GCC_OPTIMIZATION_LEVEL = 0;
				GCC_PREPROCESSOR_DEFINITIONS = (
					"DEBUG=1",
					"$(inherited)",
				);
				GCC_WARN_64_TO_32_BIT_CONVERSION = YES;
				GCC_WARN_ABOUT_RETURN_TYPE = YES_ERROR;
				GCC_WARN_UNDECLARED_SELECTOR = YES;
				GCC_WARN_UNINITIALIZED_AUTOS = YES_AGGRESSIVE;
				GCC_WARN_UNUSED_FUNCTION = YES;
				GCC_WARN_UNUSED_VARIABLE = YES;
				IPHONEOS_DEPLOYMENT_TARGET = 16.0;
				MTL_ENABLE_DEBUG_INFO = INCLUDE_SOURCE;
				MTL_FAST_MATH = YES;
				ONLY_ACTIVE_ARCH = YES;
				SDKROOT = iphoneos;
			};
			name = Debug;
		};
		7AF3531828DBAB8E001AB6C8 /* Release */ = {
			isa = XCBuildConfiguration;
			buildSettings = {
				ALWAYS_SEARCH_USER_PATHS = NO;
				CLANG_ANALYZER_NONNULL = YES;
				CLANG_ANALYZER_NUMBER_OBJECT_CONVERSION = YES_AGGRESSIVE;
				CLANG_CXX_LANGUAGE_STANDARD = "gnu++20";
				CLANG_ENABLE_MODULES = YES;
				CLANG_ENABLE_OBJC_ARC = YES;
				CLANG_ENABLE_OBJC_WEAK = YES;
				CLANG_WARN_BLOCK_CAPTURE_AUTORELEASING = YES;
				CLANG_WARN_BOOL_CONVERSION = YES;
				CLANG_WARN_COMMA = YES;
				CLANG_WARN_CONSTANT_CONVERSION = YES;
				CLANG_WARN_DEPRECATED_OBJC_IMPLEMENTATIONS = YES;
				CLANG_WARN_DIRECT_OBJC_ISA_USAGE = YES_ERROR;
				CLANG_WARN_DOCUMENTATION_COMMENTS = YES;
				CLANG_WARN_EMPTY_BODY = YES;
				CLANG_WARN_ENUM_CONVERSION = YES;
				CLANG_WARN_INFINITE_RECURSION = YES;
				CLANG_WARN_INT_CONVERSION = YES;
				CLANG_WARN_NON_LITERAL_NULL_CONVERSION = YES;
				CLANG_WARN_OBJC_IMPLICIT_RETAIN_SELF = YES;
				CLANG_WARN_OBJC_LITERAL_CONVERSION = YES;
				CLANG_WARN_OBJC_ROOT_CLASS = YES_ERROR;
				CLANG_WARN_QUOTED_INCLUDE_IN_FRAMEWORK_HEADER = YES;
				CLANG_WARN_RANGE_LOOP_ANALYSIS = YES;
				CLANG_WARN_STRICT_PROTOTYPES = YES;
				CLANG_WARN_SUSPICIOUS_MOVE = YES;
				CLANG_WARN_UNGUARDED_AVAILABILITY = YES_AGGRESSIVE;
				CLANG_WARN_UNREACHABLE_CODE = YES;
				CLANG_WARN__DUPLICATE_METHOD_MATCH = YES;
				COPY_PHASE_STRIP = NO;
				DEBUG_INFORMATION_FORMAT = "dwarf-with-dsym";
				ENABLE_NS_ASSERTIONS = NO;
				ENABLE_STRICT_OBJC_MSGSEND = YES;
				GCC_C_LANGUAGE_STANDARD = gnu11;
				GCC_NO_COMMON_BLOCKS = YES;
				GCC_WARN_64_TO_32_BIT_CONVERSION = YES;
				GCC_WARN_ABOUT_RETURN_TYPE = YES_ERROR;
				GCC_WARN_UNDECLARED_SELECTOR = YES;
				GCC_WARN_UNINITIALIZED_AUTOS = YES_AGGRESSIVE;
				GCC_WARN_UNUSED_FUNCTION = YES;
				GCC_WARN_UNUSED_VARIABLE = YES;
				IPHONEOS_DEPLOYMENT_TARGET = 16.0;
				MTL_ENABLE_DEBUG_INFO = NO;
				MTL_FAST_MATH = YES;
				SDKROOT = iphoneos;
				VALIDATE_PRODUCT = YES;
			};
			name = Release;
		};
		7AF3531A28DBAB8E001AB6C8 /* Debug */ = {
			isa = XCBuildConfiguration;
			buildSettings = {
				ASSETCATALOG_COMPILER_APPICON_NAME = AppIcon;
				ASSETCATALOG_COMPILER_GLOBAL_ACCENT_COLOR_NAME = AccentColor;
				CODE_SIGN_STYLE = Automatic;
				CURRENT_PROJECT_VERSION = 1;
				GENERATE_INFOPLIST_FILE = YES;
				INFOPLIST_FILE = throwthrowaway/Info.plist;
				INFOPLIST_KEY_UIApplicationSupportsIndirectInputEvents = YES;
				INFOPLIST_KEY_UILaunchStoryboardName = LaunchScreen;
				INFOPLIST_KEY_UIMainStoryboardFile = Main;
				INFOPLIST_KEY_UISupportedInterfaceOrientations_iPad = "UIInterfaceOrientationPortrait UIInterfaceOrientationPortraitUpsideDown UIInterfaceOrientationLandscapeLeft UIInterfaceOrientationLandscapeRight";
				INFOPLIST_KEY_UISupportedInterfaceOrientations_iPhone = "UIInterfaceOrientationPortrait UIInterfaceOrientationLandscapeLeft UIInterfaceOrientationLandscapeRight";
				LD_RUNPATH_SEARCH_PATHS = (
					"$(inherited)",
					"@executable_path/Frameworks",
				);
				MARKETING_VERSION = 1.0;
				PRODUCT_BUNDLE_IDENTIFIER = BlubApps.throwthrowaway;
				PRODUCT_NAME = "$(TARGET_NAME)";
				SWIFT_EMIT_LOC_STRINGS = YES;
				TARGETED_DEVICE_FAMILY = "1,2";
			};
			name = Debug;
		};
		7AF3531B28DBAB8E001AB6C8 /* Release */ = {
			isa = XCBuildConfiguration;
			buildSettings = {
				ASSETCATALOG_COMPILER_APPICON_NAME = AppIcon;
				ASSETCATALOG_COMPILER_GLOBAL_ACCENT_COLOR_NAME = AccentColor;
				CODE_SIGN_STYLE = Automatic;
				CURRENT_PROJECT_VERSION = 1;
				GENERATE_INFOPLIST_FILE = YES;
				INFOPLIST_FILE = throwthrowaway/Info.plist;
				INFOPLIST_KEY_UIApplicationSupportsIndirectInputEvents = YES;
				INFOPLIST_KEY_UILaunchStoryboardName = LaunchScreen;
				INFOPLIST_KEY_UIMainStoryboardFile = Main;
				INFOPLIST_KEY_UISupportedInterfaceOrientations_iPad = "UIInterfaceOrientationPortrait UIInterfaceOrientationPortraitUpsideDown UIInterfaceOrientationLandscapeLeft UIInterfaceOrientationLandscapeRight";
				INFOPLIST_KEY_UISupportedInterfaceOrientations_iPhone = "UIInterfaceOrientationPortrait UIInterfaceOrientationLandscapeLeft UIInterfaceOrientationLandscapeRight";
				LD_RUNPATH_SEARCH_PATHS = (
					"$(inherited)",
					"@executable_path/Frameworks",
				);
				MARKETING_VERSION = 1.0;
				PRODUCT_BUNDLE_IDENTIFIER = BlubApps.throwthrowaway;
				PRODUCT_NAME = "$(TARGET_NAME)";
				SWIFT_EMIT_LOC_STRINGS = YES;
				TARGETED_DEVICE_FAMILY = "1,2";
			};
			name = Release;
		};
		7AF3531D28DBAB8E001AB6C8 /* Debug */ = {
			isa = XCBuildConfiguration;
			buildSettings = {
				BUNDLE_LOADER = "$(TEST_HOST)";
				CODE_SIGN_STYLE = Automatic;
				CURRENT_PROJECT_VERSION = 1;
				GENERATE_INFOPLIST_FILE = YES;
				IPHONEOS_DEPLOYMENT_TARGET = 16.0;
				MARKETING_VERSION = 1.0;
				PRODUCT_BUNDLE_IDENTIFIER = BlubApps.throwthrowawayTests;
				PRODUCT_NAME = "$(TARGET_NAME)";
				SWIFT_EMIT_LOC_STRINGS = NO;
				TARGETED_DEVICE_FAMILY = "1,2";
				TEST_HOST = "$(BUILT_PRODUCTS_DIR)/DrinksMixer.app/$(BUNDLE_EXECUTABLE_FOLDER_PATH)/DrinksMixer";
			};
			name = Debug;
		};
		7AF3531E28DBAB8E001AB6C8 /* Release */ = {
			isa = XCBuildConfiguration;
			buildSettings = {
				BUNDLE_LOADER = "$(TEST_HOST)";
				CODE_SIGN_STYLE = Automatic;
				CURRENT_PROJECT_VERSION = 1;
				GENERATE_INFOPLIST_FILE = YES;
				IPHONEOS_DEPLOYMENT_TARGET = 16.0;
				MARKETING_VERSION = 1.0;
				PRODUCT_BUNDLE_IDENTIFIER = BlubApps.throwthrowawayTests;
				PRODUCT_NAME = "$(TARGET_NAME)";
				SWIFT_EMIT_LOC_STRINGS = NO;
				TARGETED_DEVICE_FAMILY = "1,2";
				TEST_HOST = "$(BUILT_PRODUCTS_DIR)/DrinksMixer.app/$(BUNDLE_EXECUTABLE_FOLDER_PATH)/DrinksMixer";
			};
			name = Release;
		};
		7AF3532028DBAB8E001AB6C8 /* Debug */ = {
			isa = XCBuildConfiguration;
			buildSettings = {
				CODE_SIGN_STYLE = Automatic;
				CURRENT_PROJECT_VERSION = 1;
				GENERATE_INFOPLIST_FILE = YES;
				MARKETING_VERSION = 1.0;
				PRODUCT_BUNDLE_IDENTIFIER = BlubApps.throwthrowawayUITests;
				PRODUCT_NAME = "$(TARGET_NAME)";
				SWIFT_EMIT_LOC_STRINGS = NO;
				TARGETED_DEVICE_FAMILY = "1,2";
				TEST_TARGET_NAME = throwthrowaway;
			};
			name = Debug;
		};
		7AF3532128DBAB8E001AB6C8 /* Release */ = {
			isa = XCBuildConfiguration;
			buildSettings = {
				CODE_SIGN_STYLE = Automatic;
				CURRENT_PROJECT_VERSION = 1;
				GENERATE_INFOPLIST_FILE = YES;
				MARKETING_VERSION = 1.0;
				PRODUCT_BUNDLE_IDENTIFIER = BlubApps.throwthrowawayUITests;
				PRODUCT_NAME = "$(TARGET_NAME)";
				SWIFT_EMIT_LOC_STRINGS = NO;
				TARGETED_DEVICE_FAMILY = "1,2";
				TEST_TARGET_NAME = throwthrowaway;
			};
			name = Release;
		};
/* End XCBuildConfiguration section */

/* Begin XCConfigurationList section */
		7AF352E528DBAB8B001AB6C8 /* Build configuration list for PBXProject "DrinksMixer" */ = {
			isa = XCConfigurationList;
			buildConfigurations = (
				7AF3531728DBAB8E001AB6C8 /* Debug */,
				7AF3531828DBAB8E001AB6C8 /* Release */,
			);
			defaultConfigurationIsVisible = 0;
			defaultConfigurationName = Release;
		};
		7AF3531928DBAB8E001AB6C8 /* Build configuration list for PBXNativeTarget "DrinksMixer" */ = {
			isa = XCConfigurationList;
			buildConfigurations = (
				7AF3531A28DBAB8E001AB6C8 /* Debug */,
				7AF3531B28DBAB8E001AB6C8 /* Release */,
			);
			defaultConfigurationIsVisible = 0;
			defaultConfigurationName = Release;
		};
		7AF3531C28DBAB8E001AB6C8 /* Build configuration list for PBXNativeTarget "DrinksMixerTests" */ = {
			isa = XCConfigurationList;
			buildConfigurations = (
				7AF3531D28DBAB8E001AB6C8 /* Debug */,
				7AF3531E28DBAB8E001AB6C8 /* Release */,
			);
			defaultConfigurationIsVisible = 0;
			defaultConfigurationName = Release;
		};
		7AF3531F28DBAB8E001AB6C8 /* Build configuration list for PBXNativeTarget "DrinksMixerUITests" */ = {
			isa = XCConfigurationList;
			buildConfigurations = (
				7AF3532028DBAB8E001AB6C8 /* Debug */,
				7AF3532128DBAB8E001AB6C8 /* Release */,
			);
			defaultConfigurationIsVisible = 0;
			defaultConfigurationName = Release;
		};
/* End XCConfigurationList section */
	};
	rootObject = 7AF352E228DBAB8B001AB6C8 /* Project object */;
}
